// !$*UTF8*$!
{
	archiveVersion = 1;
	classes = {
	};
	objectVersion = 46;
	objects = {

/* Begin PBXBuildFile section */
		D0FAD47CE311E306ADB47A30 /* libPods-BaseViewController.a in Frameworks */ = {isa = PBXBuildFile; fileRef = 5D318ABA87E73B3AD6BB5C1C /* libPods-BaseViewController.a */; };
		F535AA8D1E55512A00C7BE9C /* NetworkManager.m in Sources */ = {isa = PBXBuildFile; fileRef = F535AA8C1E55512A00C7BE9C /* NetworkManager.m */; };
		F55039441E1DDC5D00742E5D /* NSObject+runtime.m in Sources */ = {isa = PBXBuildFile; fileRef = F550393F1E1DDC5D00742E5D /* NSObject+runtime.m */; };
		F55039451E1DDC5D00742E5D /* UIView+Corner_Radius.m in Sources */ = {isa = PBXBuildFile; fileRef = F55039411E1DDC5D00742E5D /* UIView+Corner_Radius.m */; };
		F55039461E1DDC5D00742E5D /* UIViewController+NSLogAppear.m in Sources */ = {isa = PBXBuildFile; fileRef = F55039431E1DDC5D00742E5D /* UIViewController+NSLogAppear.m */; };
		F55039491E1DEF5B00742E5D /* UIImage+Extension.m in Sources */ = {isa = PBXBuildFile; fileRef = F55039481E1DEF5B00742E5D /* UIImage+Extension.m */; };
		F550394B1E1DF63C00742E5D /* 曼巴谢幕.png in Resources */ = {isa = PBXBuildFile; fileRef = F550394A1E1DF63C00742E5D /* 曼巴谢幕.png */; };
		F550394E1E1E19D200742E5D /* UIBarButtonItem+Extension.m in Sources */ = {isa = PBXBuildFile; fileRef = F550394D1E1E19D200742E5D /* UIBarButtonItem+Extension.m */; };
		F550395B1E1E25D000742E5D /* box@2x.png in Resources */ = {isa = PBXBuildFile; fileRef = F55039511E1E25D000742E5D /* box@2x.png */; };
		F550395C1E1E25D000742E5D /* deliveryStaff1@2x.png in Resources */ = {isa = PBXBuildFile; fileRef = F55039521E1E25D000742E5D /* deliveryStaff1@2x.png */; };
		F550395D1E1E25D000742E5D /* deliveryStaff2@2x.png in Resources */ = {isa = PBXBuildFile; fileRef = F55039531E1E25D000742E5D /* deliveryStaff2@2x.png */; };
		F550395E1E1E25D100742E5D /* deliveryStaff3@2x.png in Resources */ = {isa = PBXBuildFile; fileRef = F55039541E1E25D000742E5D /* deliveryStaff3@2x.png */; };
		F550395F1E1E25D100742E5D /* deliveryStaff@2x.png in Resources */ = {isa = PBXBuildFile; fileRef = F55039551E1E25D000742E5D /* deliveryStaff@2x.png */; };
		F55039601E1E25D100742E5D /* staticDeliveryStaff@2x.png in Resources */ = {isa = PBXBuildFile; fileRef = F55039561E1E25D000742E5D /* staticDeliveryStaff@2x.png */; };
		F55039611E1E25D100742E5D /* JPRefreshControl.m in Sources */ = {isa = PBXBuildFile; fileRef = F55039581E1E25D000742E5D /* JPRefreshControl.m */; };
		F55039621E1E25D100742E5D /* JDRefreshView.m in Sources */ = {isa = PBXBuildFile; fileRef = F550395A1E1E25D000742E5D /* JDRefreshView.m */; };
		F55039651E1E260D00742E5D /* JPNormalRefreshView.m in Sources */ = {isa = PBXBuildFile; fileRef = F55039641E1E260D00742E5D /* JPNormalRefreshView.m */; };
		F550398D1E1E2FE000742E5D /* allproducts@2x.png in Resources */ = {isa = PBXBuildFile; fileRef = F55039671E1E2FE000742E5D /* allproducts@2x.png */; };
		F550398E1E1E2FE000742E5D /* allproducts_s@2x.png in Resources */ = {isa = PBXBuildFile; fileRef = F55039681E1E2FE000742E5D /* allproducts_s@2x.png */; };
		F550398F1E1E2FE000742E5D /* main_badge@2x.png in Resources */ = {isa = PBXBuildFile; fileRef = F55039691E1E2FE000742E5D /* main_badge@2x.png */; };
		F55039901E1E2FE000742E5D /* navigationbar_back_withtext@2x.png in Resources */ = {isa = PBXBuildFile; fileRef = F550396A1E1E2FE000742E5D /* navigationbar_back_withtext@2x.png */; };
		F55039911E1E2FE000742E5D /* navigationbar_back_withtext@3x.png in Resources */ = {isa = PBXBuildFile; fileRef = F550396B1E1E2FE000742E5D /* navigationbar_back_withtext@3x.png */; };
		F55039921E1E2FE000742E5D /* navigationbar_back_withtext_highlighted@2x.png in Resources */ = {isa = PBXBuildFile; fileRef = F550396C1E1E2FE000742E5D /* navigationbar_back_withtext_highlighted@2x.png */; };
		F55039931E1E2FE000742E5D /* navigationbar_back_withtext_highlighted@3x.png in Resources */ = {isa = PBXBuildFile; fileRef = F550396D1E1E2FE000742E5D /* navigationbar_back_withtext_highlighted@3x.png */; };
		F55039941E1E2FE000742E5D /* tabbar_background@2x.png in Resources */ = {isa = PBXBuildFile; fileRef = F550396E1E1E2FE000742E5D /* tabbar_background@2x.png */; };
		F55039951E1E2FE000742E5D /* tabbar_compose_background_icon_close@2x.png in Resources */ = {isa = PBXBuildFile; fileRef = F550396F1E1E2FE000742E5D /* tabbar_compose_background_icon_close@2x.png */; };
		F55039961E1E2FE000742E5D /* tabbar_compose_background_icon_close@3x.png in Resources */ = {isa = PBXBuildFile; fileRef = F55039701E1E2FE000742E5D /* tabbar_compose_background_icon_close@3x.png */; };
		F55039971E1E2FE000742E5D /* tabbar_compose_background_icon_return@2x.png in Resources */ = {isa = PBXBuildFile; fileRef = F55039711E1E2FE000742E5D /* tabbar_compose_background_icon_return@2x.png */; };
		F55039981E1E2FE000742E5D /* tabbar_compose_background_icon_return@3x.png in Resources */ = {isa = PBXBuildFile; fileRef = F55039721E1E2FE000742E5D /* tabbar_compose_background_icon_return@3x.png */; };
		F55039991E1E2FE000742E5D /* tabbar_compose_button@2x.png in Resources */ = {isa = PBXBuildFile; fileRef = F55039731E1E2FE000742E5D /* tabbar_compose_button@2x.png */; };
		F550399A1E1E2FE000742E5D /* tabbar_compose_button@3x.png in Resources */ = {isa = PBXBuildFile; fileRef = F55039741E1E2FE000742E5D /* tabbar_compose_button@3x.png */; };
		F550399B1E1E2FE000742E5D /* tabbar_compose_button_highlighted@2x.png in Resources */ = {isa = PBXBuildFile; fileRef = F55039751E1E2FE000742E5D /* tabbar_compose_button_highlighted@2x.png */; };
		F550399C1E1E2FE000742E5D /* tabbar_compose_button_highlighted@3x.png in Resources */ = {isa = PBXBuildFile; fileRef = F55039761E1E2FE000742E5D /* tabbar_compose_button_highlighted@3x.png */; };
		F550399D1E1E2FE000742E5D /* tabbar_compose_icon_add@2x.png in Resources */ = {isa = PBXBuildFile; fileRef = F55039771E1E2FE000742E5D /* tabbar_compose_icon_add@2x.png */; };
		F550399E1E1E2FE000742E5D /* tabbar_compose_icon_add@3x.png in Resources */ = {isa = PBXBuildFile; fileRef = F55039781E1E2FE000742E5D /* tabbar_compose_icon_add@3x.png */; };
		F550399F1E1E2FE000742E5D /* tabbar_compose_icon_add_highlighted@2x.png in Resources */ = {isa = PBXBuildFile; fileRef = F55039791E1E2FE000742E5D /* tabbar_compose_icon_add_highlighted@2x.png */; };
		F55039A01E1E2FE000742E5D /* tabbar_compose_icon_add_highlighted@3x.png in Resources */ = {isa = PBXBuildFile; fileRef = F550397A1E1E2FE000742E5D /* tabbar_compose_icon_add_highlighted@3x.png */; };
		F55039A11E1E2FE000742E5D /* tabbar_discover@2x.png in Resources */ = {isa = PBXBuildFile; fileRef = F550397B1E1E2FE000742E5D /* tabbar_discover@2x.png */; };
		F55039A21E1E2FE000742E5D /* tabbar_discover@3x.png in Resources */ = {isa = PBXBuildFile; fileRef = F550397C1E1E2FE000742E5D /* tabbar_discover@3x.png */; };
		F55039A31E1E2FE000742E5D /* tabbar_discover_selected@2x.png in Resources */ = {isa = PBXBuildFile; fileRef = F550397D1E1E2FE000742E5D /* tabbar_discover_selected@2x.png */; };
		F55039A41E1E2FE000742E5D /* tabbar_discover_selected@3x.png in Resources */ = {isa = PBXBuildFile; fileRef = F550397E1E1E2FE000742E5D /* tabbar_discover_selected@3x.png */; };
		F55039A51E1E2FE000742E5D /* tabbar_home@2x.png in Resources */ = {isa = PBXBuildFile; fileRef = F550397F1E1E2FE000742E5D /* tabbar_home@2x.png */; };
		F55039A61E1E2FE000742E5D /* tabbar_home@3x.png in Resources */ = {isa = PBXBuildFile; fileRef = F55039801E1E2FE000742E5D /* tabbar_home@3x.png */; };
		F55039A71E1E2FE000742E5D /* tabbar_home_selected@2x.png in Resources */ = {isa = PBXBuildFile; fileRef = F55039811E1E2FE000742E5D /* tabbar_home_selected@2x.png */; };
		F55039A81E1E2FE000742E5D /* tabbar_home_selected@3x.png in Resources */ = {isa = PBXBuildFile; fileRef = F55039821E1E2FE000742E5D /* tabbar_home_selected@3x.png */; };
		F55039A91E1E2FE000742E5D /* tabbar_message_center@2x.png in Resources */ = {isa = PBXBuildFile; fileRef = F55039831E1E2FE000742E5D /* tabbar_message_center@2x.png */; };
		F55039AA1E1E2FE000742E5D /* tabbar_message_center@3x.png in Resources */ = {isa = PBXBuildFile; fileRef = F55039841E1E2FE000742E5D /* tabbar_message_center@3x.png */; };
		F55039AB1E1E2FE000742E5D /* tabbar_message_center_selected@2x.png in Resources */ = {isa = PBXBuildFile; fileRef = F55039851E1E2FE000742E5D /* tabbar_message_center_selected@2x.png */; };
		F55039AC1E1E2FE100742E5D /* tabbar_message_center_selected@3x.png in Resources */ = {isa = PBXBuildFile; fileRef = F55039861E1E2FE000742E5D /* tabbar_message_center_selected@3x.png */; };
		F55039AD1E1E2FE100742E5D /* tabbar_profile@2x.png in Resources */ = {isa = PBXBuildFile; fileRef = F55039871E1E2FE000742E5D /* tabbar_profile@2x.png */; };
		F55039AE1E1E2FE100742E5D /* tabbar_profile@3x.png in Resources */ = {isa = PBXBuildFile; fileRef = F55039881E1E2FE000742E5D /* tabbar_profile@3x.png */; };
		F55039AF1E1E2FE100742E5D /* tabbar_profile_selected@2x.png in Resources */ = {isa = PBXBuildFile; fileRef = F55039891E1E2FE000742E5D /* tabbar_profile_selected@2x.png */; };
		F55039B01E1E2FE100742E5D /* tabbar_profile_selected@3x.png in Resources */ = {isa = PBXBuildFile; fileRef = F550398A1E1E2FE000742E5D /* tabbar_profile_selected@3x.png */; };
		F55039B11E1E2FE100742E5D /* tableview_loading@2x.png in Resources */ = {isa = PBXBuildFile; fileRef = F550398B1E1E2FE000742E5D /* tableview_loading@2x.png */; };
		F55039B21E1E2FE100742E5D /* tableview_pull_refresh@2x.png in Resources */ = {isa = PBXBuildFile; fileRef = F550398C1E1E2FE000742E5D /* tableview_pull_refresh@2x.png */; };
		F55039B51E1E2FF200742E5D /* MidLineLabel.m in Sources */ = {isa = PBXBuildFile; fileRef = F55039B41E1E2FF200742E5D /* MidLineLabel.m */; };
		F57ED8D91E31A72200826D18 /* UIImageView+SDWebImage.m in Sources */ = {isa = PBXBuildFile; fileRef = F57ED8D81E31A72200826D18 /* UIImageView+SDWebImage.m */; };
		F57ED8E31E31AD9F00826D18 /* JPLoopView.m in Sources */ = {isa = PBXBuildFile; fileRef = F57ED8DC1E31AD9F00826D18 /* JPLoopView.m */; };
		F57ED8E41E31AD9F00826D18 /* JPLoopViewCell.m in Sources */ = {isa = PBXBuildFile; fileRef = F57ED8DE1E31AD9F00826D18 /* JPLoopViewCell.m */; };
		F57ED8E51E31AD9F00826D18 /* JPLoopViewLayout.m in Sources */ = {isa = PBXBuildFile; fileRef = F57ED8E01E31AD9F00826D18 /* JPLoopViewLayout.m */; };
		F57ED8E61E31AD9F00826D18 /* UIImageView+JPWebImage.m in Sources */ = {isa = PBXBuildFile; fileRef = F57ED8E21E31AD9F00826D18 /* UIImageView+JPWebImage.m */; };
		F57ED8EF1E31ADC300826D18 /* BaseNavigationController.m in Sources */ = {isa = PBXBuildFile; fileRef = F57ED8E91E31ADC300826D18 /* BaseNavigationController.m */; };
		F57ED8F01E31ADC300826D18 /* BaseViewController.m in Sources */ = {isa = PBXBuildFile; fileRef = F57ED8EB1E31ADC300826D18 /* BaseViewController.m */; };
		F57ED8F11E31ADC300826D18 /* MainControllerInfo.plist in Resources */ = {isa = PBXBuildFile; fileRef = F57ED8EC1E31ADC300826D18 /* MainControllerInfo.plist */; };
		F57ED8F21E31ADC300826D18 /* MainTabBarController.m in Sources */ = {isa = PBXBuildFile; fileRef = F57ED8EE1E31ADC300826D18 /* MainTabBarController.m */; };
		F57ED8F51E31ADD900826D18 /* BaseLoadMoreView.m in Sources */ = {isa = PBXBuildFile; fileRef = F57ED8F41E31ADD900826D18 /* BaseLoadMoreView.m */; };
		F57ED9031E31AE1700826D18 /* FirstViewController.m in Sources */ = {isa = PBXBuildFile; fileRef = F57ED8F81E31AE1700826D18 /* FirstViewController.m */; };
		F57ED9041E31AE1700826D18 /* FourthViewController.m in Sources */ = {isa = PBXBuildFile; fileRef = F57ED8FA1E31AE1700826D18 /* FourthViewController.m */; };
		F57ED9051E31AE1700826D18 /* SecondViewController.m in Sources */ = {isa = PBXBuildFile; fileRef = F57ED8FC1E31AE1700826D18 /* SecondViewController.m */; };
		F57ED9061E31AE1700826D18 /* TestViewController.m in Sources */ = {isa = PBXBuildFile; fileRef = F57ED8FE1E31AE1700826D18 /* TestViewController.m */; };
		F57ED9071E31AE1700826D18 /* ThirdViewController.m in Sources */ = {isa = PBXBuildFile; fileRef = F57ED9001E31AE1700826D18 /* ThirdViewController.m */; };
		F57ED9081E31AE1700826D18 /* ViewController.m in Sources */ = {isa = PBXBuildFile; fileRef = F57ED9021E31AE1700826D18 /* ViewController.m */; };
		F58304891E5EC8930085E23B /* CoreLocation.framework in Frameworks */ = {isa = PBXBuildFile; fileRef = F58304881E5EC8930085E23B /* CoreLocation.framework */; };
		F583048B1E5EC89B0085E23B /* QuartzCore.framework in Frameworks */ = {isa = PBXBuildFile; fileRef = F583048A1E5EC89B0085E23B /* QuartzCore.framework */; };
		F583048D1E5EC8A40085E23B /* OpenGLES.framework in Frameworks */ = {isa = PBXBuildFile; fileRef = F583048C1E5EC8A40085E23B /* OpenGLES.framework */; };
		F583048F1E5EC8AC0085E23B /* SystemConfiguration.framework in Frameworks */ = {isa = PBXBuildFile; fileRef = F583048E1E5EC8AC0085E23B /* SystemConfiguration.framework */; };
		F58304911E5EC8B50085E23B /* CoreGraphics.framework in Frameworks */ = {isa = PBXBuildFile; fileRef = F58304901E5EC8B50085E23B /* CoreGraphics.framework */; };
		F58304931E5EC8BD0085E23B /* Security.framework in Frameworks */ = {isa = PBXBuildFile; fileRef = F58304921E5EC8BD0085E23B /* Security.framework */; };
		F58304951E5EC8C60085E23B /* libsqlite3.0.tbd in Frameworks */ = {isa = PBXBuildFile; fileRef = F58304941E5EC8C60085E23B /* libsqlite3.0.tbd */; };
		F58304971E5EC8CF0085E23B /* CoreTelephony.framework in Frameworks */ = {isa = PBXBuildFile; fileRef = F58304961E5EC8CF0085E23B /* CoreTelephony.framework */; };
		F58304991E5EC8D80085E23B /* libstdc++.6.0.9.tbd in Frameworks */ = {isa = PBXBuildFile; fileRef = F58304981E5EC8D80085E23B /* libstdc++.6.0.9.tbd */; };
		F583049B1E5EC9340085E23B /* MAMapKit.framework in Frameworks */ = {isa = PBXBuildFile; fileRef = F583049A1E5EC9340085E23B /* MAMapKit.framework */; };
		F583049D1E5EC9440085E23B /* AMapFoundationKit.framework in Frameworks */ = {isa = PBXBuildFile; fileRef = F583049C1E5EC9440085E23B /* AMapFoundationKit.framework */; };
		F583049F1E5EC9690085E23B /* UIKit.framework in Frameworks */ = {isa = PBXBuildFile; fileRef = F583049E1E5EC9690085E23B /* UIKit.framework */; };
		F58304A11E5EC9720085E23B /* Foundation.framework in Frameworks */ = {isa = PBXBuildFile; fileRef = F58304A01E5EC9720085E23B /* Foundation.framework */; };
		F58304A31E5EC99F0085E23B /* AdSupport.framework in Frameworks */ = {isa = PBXBuildFile; fileRef = F58304A21E5EC99F0085E23B /* AdSupport.framework */; };
		F58304A51E5EC9A80085E23B /* JavaScriptCore.framework in Frameworks */ = {isa = PBXBuildFile; fileRef = F58304A41E5EC9A80085E23B /* JavaScriptCore.framework */; };
		F58304A71E5EC9B20085E23B /* libz.tbd in Frameworks */ = {isa = PBXBuildFile; fileRef = F58304A61E5EC9B20085E23B /* libz.tbd */; };
		F58304A91E5EC9C30085E23B /* libc++.tbd in Frameworks */ = {isa = PBXBuildFile; fileRef = F58304A81E5EC9C30085E23B /* libc++.tbd */; };
		F58304AC1E5ECB9A0085E23B /* MapViewController.m in Sources */ = {isa = PBXBuildFile; fileRef = F58304AB1E5ECB9A0085E23B /* MapViewController.m */; };
		F58304B11E5ED2430085E23B /* BaiduBaseMapView.m in Sources */ = {isa = PBXBuildFile; fileRef = F58304B01E5ED2430085E23B /* BaiduBaseMapView.m */; };
		F58304B41E5EDBA10085E23B /* GDMapViewController.m in Sources */ = {isa = PBXBuildFile; fileRef = F58304B31E5EDBA10085E23B /* GDMapViewController.m */; };
		F58304B71E5EDC8E0085E23B /* GaodeBaseMapView.m in Sources */ = {isa = PBXBuildFile; fileRef = F58304B61E5EDC8E0085E23B /* GaodeBaseMapView.m */; };
		F58304BB1E5EE1900085E23B /* BaiduMapFactory.m in Sources */ = {isa = PBXBuildFile; fileRef = F58304BA1E5EE1900085E23B /* BaiduMapFactory.m */; };
		F58304BE1E5EE4560085E23B /* GaodeMapFactory.m in Sources */ = {isa = PBXBuildFile; fileRef = F58304BD1E5EE4560085E23B /* GaodeMapFactory.m */; };
		F58304C11E5EE8A70085E23B /* IMapEngine.m in Sources */ = {isa = PBXBuildFile; fileRef = F58304C01E5EE8A70085E23B /* IMapEngine.m */; };
		F588F5A01E5AC2EE0041E8FA /* BaseConst.m in Sources */ = {isa = PBXBuildFile; fileRef = F588F59F1E5AC2EE0041E8FA /* BaseConst.m */; };
		F588F5A41E5ADE600041E8FA /* DynamicDemo.m in Sources */ = {isa = PBXBuildFile; fileRef = F588F5A31E5ADE600041E8FA /* DynamicDemo.m */; };
		F5A2520C1E56D60300B12AA0 /* BigImageTest.m in Sources */ = {isa = PBXBuildFile; fileRef = F5A2520B1E56D60300B12AA0 /* BigImageTest.m */; };
		F5A252131E56DFE300B12AA0 /* BigImageViewController.m in Sources */ = {isa = PBXBuildFile; fileRef = F5A252121E56DFE300B12AA0 /* BigImageViewController.m */; };
		F5C4EF4A1E1F72F40092CD3C /* LoadingHUD.m in Sources */ = {isa = PBXBuildFile; fileRef = F5C4EF491E1F72F40092CD3C /* LoadingHUD.m */; };
		F5D418F21E1BA45000DBB258 /* main.m in Sources */ = {isa = PBXBuildFile; fileRef = F5D418F11E1BA45000DBB258 /* main.m */; };
		F5D418F51E1BA45000DBB258 /* AppDelegate.m in Sources */ = {isa = PBXBuildFile; fileRef = F5D418F41E1BA45000DBB258 /* AppDelegate.m */; };
		F5D418FB1E1BA45100DBB258 /* Main.storyboard in Resources */ = {isa = PBXBuildFile; fileRef = F5D418F91E1BA45100DBB258 /* Main.storyboard */; };
		F5D418FD1E1BA45100DBB258 /* Assets.xcassets in Resources */ = {isa = PBXBuildFile; fileRef = F5D418FC1E1BA45100DBB258 /* Assets.xcassets */; };
		F5D419001E1BA45100DBB258 /* LaunchScreen.storyboard in Resources */ = {isa = PBXBuildFile; fileRef = F5D418FE1E1BA45100DBB258 /* LaunchScreen.storyboard */; };
		F5F9EA821E1CB9B4001765F8 /* UIButton+RemoveHighlightEffect.m in Sources */ = {isa = PBXBuildFile; fileRef = F5F9EA7B1E1CB9B4001765F8 /* UIButton+RemoveHighlightEffect.m */; };
		F5F9EA831E1CB9B4001765F8 /* UIColor+JP_Color.m in Sources */ = {isa = PBXBuildFile; fileRef = F5F9EA7D1E1CB9B4001765F8 /* UIColor+JP_Color.m */; };
		F5F9EA841E1CB9B4001765F8 /* UIView+BlockGesture.m in Sources */ = {isa = PBXBuildFile; fileRef = F5F9EA7F1E1CB9B4001765F8 /* UIView+BlockGesture.m */; };
		F5F9EA851E1CB9B4001765F8 /* UIView+JP_Frame.m in Sources */ = {isa = PBXBuildFile; fileRef = F5F9EA811E1CB9B4001765F8 /* UIView+JP_Frame.m */; };
/* End PBXBuildFile section */

/* Begin PBXFileReference section */
		5D318ABA87E73B3AD6BB5C1C /* libPods-BaseViewController.a */ = {isa = PBXFileReference; explicitFileType = archive.ar; includeInIndex = 0; path = "libPods-BaseViewController.a"; sourceTree = BUILT_PRODUCTS_DIR; };
		9B10C11AEED04B4B80CD19A0 /* Pods-BaseViewController.release.xcconfig */ = {isa = PBXFileReference; includeInIndex = 1; lastKnownFileType = text.xcconfig; name = "Pods-BaseViewController.release.xcconfig"; path = "Pods/Target Support Files/Pods-BaseViewController/Pods-BaseViewController.release.xcconfig"; sourceTree = "<group>"; };
		B81F2EAB479D139261D0C826 /* Pods-BaseViewController.debug.xcconfig */ = {isa = PBXFileReference; includeInIndex = 1; lastKnownFileType = text.xcconfig; name = "Pods-BaseViewController.debug.xcconfig"; path = "Pods/Target Support Files/Pods-BaseViewController/Pods-BaseViewController.debug.xcconfig"; sourceTree = "<group>"; };
		F535AA8B1E55512A00C7BE9C /* NetworkManager.h */ = {isa = PBXFileReference; fileEncoding = 4; lastKnownFileType = sourcecode.c.h; path = NetworkManager.h; sourceTree = "<group>"; };
		F535AA8C1E55512A00C7BE9C /* NetworkManager.m */ = {isa = PBXFileReference; fileEncoding = 4; lastKnownFileType = sourcecode.c.objc; path = NetworkManager.m; sourceTree = "<group>"; };
		F550393E1E1DDC5D00742E5D /* NSObject+runtime.h */ = {isa = PBXFileReference; fileEncoding = 4; lastKnownFileType = sourcecode.c.h; path = "NSObject+runtime.h"; sourceTree = "<group>"; };
		F550393F1E1DDC5D00742E5D /* NSObject+runtime.m */ = {isa = PBXFileReference; fileEncoding = 4; lastKnownFileType = sourcecode.c.objc; path = "NSObject+runtime.m"; sourceTree = "<group>"; };
		F55039401E1DDC5D00742E5D /* UIView+Corner_Radius.h */ = {isa = PBXFileReference; fileEncoding = 4; lastKnownFileType = sourcecode.c.h; path = "UIView+Corner_Radius.h"; sourceTree = "<group>"; };
		F55039411E1DDC5D00742E5D /* UIView+Corner_Radius.m */ = {isa = PBXFileReference; fileEncoding = 4; lastKnownFileType = sourcecode.c.objc; path = "UIView+Corner_Radius.m"; sourceTree = "<group>"; };
		F55039421E1DDC5D00742E5D /* UIViewController+NSLogAppear.h */ = {isa = PBXFileReference; fileEncoding = 4; lastKnownFileType = sourcecode.c.h; path = "UIViewController+NSLogAppear.h"; sourceTree = "<group>"; };
		F55039431E1DDC5D00742E5D /* UIViewController+NSLogAppear.m */ = {isa = PBXFileReference; fileEncoding = 4; lastKnownFileType = sourcecode.c.objc; path = "UIViewController+NSLogAppear.m"; sourceTree = "<group>"; };
		F55039471E1DEF5B00742E5D /* UIImage+Extension.h */ = {isa = PBXFileReference; fileEncoding = 4; lastKnownFileType = sourcecode.c.h; path = "UIImage+Extension.h"; sourceTree = "<group>"; };
		F55039481E1DEF5B00742E5D /* UIImage+Extension.m */ = {isa = PBXFileReference; fileEncoding = 4; lastKnownFileType = sourcecode.c.objc; path = "UIImage+Extension.m"; sourceTree = "<group>"; };
		F550394A1E1DF63C00742E5D /* 曼巴谢幕.png */ = {isa = PBXFileReference; lastKnownFileType = image.png; path = "曼巴谢幕.png"; sourceTree = "<group>"; };
		F550394C1E1E19D200742E5D /* UIBarButtonItem+Extension.h */ = {isa = PBXFileReference; fileEncoding = 4; lastKnownFileType = sourcecode.c.h; path = "UIBarButtonItem+Extension.h"; sourceTree = "<group>"; };
		F550394D1E1E19D200742E5D /* UIBarButtonItem+Extension.m */ = {isa = PBXFileReference; fileEncoding = 4; lastKnownFileType = sourcecode.c.objc; path = "UIBarButtonItem+Extension.m"; sourceTree = "<group>"; };
		F55039511E1E25D000742E5D /* box@2x.png */ = {isa = PBXFileReference; lastKnownFileType = image.png; path = "box@2x.png"; sourceTree = "<group>"; };
		F55039521E1E25D000742E5D /* deliveryStaff1@2x.png */ = {isa = PBXFileReference; lastKnownFileType = image.png; path = "deliveryStaff1@2x.png"; sourceTree = "<group>"; };
		F55039531E1E25D000742E5D /* deliveryStaff2@2x.png */ = {isa = PBXFileReference; lastKnownFileType = image.png; path = "deliveryStaff2@2x.png"; sourceTree = "<group>"; };
		F55039541E1E25D000742E5D /* deliveryStaff3@2x.png */ = {isa = PBXFileReference; lastKnownFileType = image.png; path = "deliveryStaff3@2x.png"; sourceTree = "<group>"; };
		F55039551E1E25D000742E5D /* deliveryStaff@2x.png */ = {isa = PBXFileReference; lastKnownFileType = image.png; path = "deliveryStaff@2x.png"; sourceTree = "<group>"; };
		F55039561E1E25D000742E5D /* staticDeliveryStaff@2x.png */ = {isa = PBXFileReference; lastKnownFileType = image.png; path = "staticDeliveryStaff@2x.png"; sourceTree = "<group>"; };
		F55039571E1E25D000742E5D /* JPRefreshControl.h */ = {isa = PBXFileReference; fileEncoding = 4; lastKnownFileType = sourcecode.c.h; path = JPRefreshControl.h; sourceTree = "<group>"; };
		F55039581E1E25D000742E5D /* JPRefreshControl.m */ = {isa = PBXFileReference; fileEncoding = 4; lastKnownFileType = sourcecode.c.objc; path = JPRefreshControl.m; sourceTree = "<group>"; };
		F55039591E1E25D000742E5D /* JDRefreshView.h */ = {isa = PBXFileReference; fileEncoding = 4; lastKnownFileType = sourcecode.c.h; path = JDRefreshView.h; sourceTree = "<group>"; };
		F550395A1E1E25D000742E5D /* JDRefreshView.m */ = {isa = PBXFileReference; fileEncoding = 4; lastKnownFileType = sourcecode.c.objc; path = JDRefreshView.m; sourceTree = "<group>"; };
		F55039631E1E260D00742E5D /* JPNormalRefreshView.h */ = {isa = PBXFileReference; fileEncoding = 4; lastKnownFileType = sourcecode.c.h; path = JPNormalRefreshView.h; sourceTree = "<group>"; };
		F55039641E1E260D00742E5D /* JPNormalRefreshView.m */ = {isa = PBXFileReference; fileEncoding = 4; lastKnownFileType = sourcecode.c.objc; path = JPNormalRefreshView.m; sourceTree = "<group>"; };
		F55039671E1E2FE000742E5D /* allproducts@2x.png */ = {isa = PBXFileReference; lastKnownFileType = image.png; path = "allproducts@2x.png"; sourceTree = "<group>"; };
		F55039681E1E2FE000742E5D /* allproducts_s@2x.png */ = {isa = PBXFileReference; lastKnownFileType = image.png; path = "allproducts_s@2x.png"; sourceTree = "<group>"; };
		F55039691E1E2FE000742E5D /* main_badge@2x.png */ = {isa = PBXFileReference; lastKnownFileType = image.png; path = "main_badge@2x.png"; sourceTree = "<group>"; };
		F550396A1E1E2FE000742E5D /* navigationbar_back_withtext@2x.png */ = {isa = PBXFileReference; lastKnownFileType = image.png; path = "navigationbar_back_withtext@2x.png"; sourceTree = "<group>"; };
		F550396B1E1E2FE000742E5D /* navigationbar_back_withtext@3x.png */ = {isa = PBXFileReference; lastKnownFileType = image.png; path = "navigationbar_back_withtext@3x.png"; sourceTree = "<group>"; };
		F550396C1E1E2FE000742E5D /* navigationbar_back_withtext_highlighted@2x.png */ = {isa = PBXFileReference; lastKnownFileType = image.png; path = "navigationbar_back_withtext_highlighted@2x.png"; sourceTree = "<group>"; };
		F550396D1E1E2FE000742E5D /* navigationbar_back_withtext_highlighted@3x.png */ = {isa = PBXFileReference; lastKnownFileType = image.png; path = "navigationbar_back_withtext_highlighted@3x.png"; sourceTree = "<group>"; };
		F550396E1E1E2FE000742E5D /* tabbar_background@2x.png */ = {isa = PBXFileReference; lastKnownFileType = image.png; path = "tabbar_background@2x.png"; sourceTree = "<group>"; };
		F550396F1E1E2FE000742E5D /* tabbar_compose_background_icon_close@2x.png */ = {isa = PBXFileReference; lastKnownFileType = image.png; path = "tabbar_compose_background_icon_close@2x.png"; sourceTree = "<group>"; };
		F55039701E1E2FE000742E5D /* tabbar_compose_background_icon_close@3x.png */ = {isa = PBXFileReference; lastKnownFileType = image.png; path = "tabbar_compose_background_icon_close@3x.png"; sourceTree = "<group>"; };
		F55039711E1E2FE000742E5D /* tabbar_compose_background_icon_return@2x.png */ = {isa = PBXFileReference; lastKnownFileType = image.png; path = "tabbar_compose_background_icon_return@2x.png"; sourceTree = "<group>"; };
		F55039721E1E2FE000742E5D /* tabbar_compose_background_icon_return@3x.png */ = {isa = PBXFileReference; lastKnownFileType = image.png; path = "tabbar_compose_background_icon_return@3x.png"; sourceTree = "<group>"; };
		F55039731E1E2FE000742E5D /* tabbar_compose_button@2x.png */ = {isa = PBXFileReference; lastKnownFileType = image.png; path = "tabbar_compose_button@2x.png"; sourceTree = "<group>"; };
		F55039741E1E2FE000742E5D /* tabbar_compose_button@3x.png */ = {isa = PBXFileReference; lastKnownFileType = image.png; path = "tabbar_compose_button@3x.png"; sourceTree = "<group>"; };
		F55039751E1E2FE000742E5D /* tabbar_compose_button_highlighted@2x.png */ = {isa = PBXFileReference; lastKnownFileType = image.png; path = "tabbar_compose_button_highlighted@2x.png"; sourceTree = "<group>"; };
		F55039761E1E2FE000742E5D /* tabbar_compose_button_highlighted@3x.png */ = {isa = PBXFileReference; lastKnownFileType = image.png; path = "tabbar_compose_button_highlighted@3x.png"; sourceTree = "<group>"; };
		F55039771E1E2FE000742E5D /* tabbar_compose_icon_add@2x.png */ = {isa = PBXFileReference; lastKnownFileType = image.png; path = "tabbar_compose_icon_add@2x.png"; sourceTree = "<group>"; };
		F55039781E1E2FE000742E5D /* tabbar_compose_icon_add@3x.png */ = {isa = PBXFileReference; lastKnownFileType = image.png; path = "tabbar_compose_icon_add@3x.png"; sourceTree = "<group>"; };
		F55039791E1E2FE000742E5D /* tabbar_compose_icon_add_highlighted@2x.png */ = {isa = PBXFileReference; lastKnownFileType = image.png; path = "tabbar_compose_icon_add_highlighted@2x.png"; sourceTree = "<group>"; };
		F550397A1E1E2FE000742E5D /* tabbar_compose_icon_add_highlighted@3x.png */ = {isa = PBXFileReference; lastKnownFileType = image.png; path = "tabbar_compose_icon_add_highlighted@3x.png"; sourceTree = "<group>"; };
		F550397B1E1E2FE000742E5D /* tabbar_discover@2x.png */ = {isa = PBXFileReference; lastKnownFileType = image.png; path = "tabbar_discover@2x.png"; sourceTree = "<group>"; };
		F550397C1E1E2FE000742E5D /* tabbar_discover@3x.png */ = {isa = PBXFileReference; lastKnownFileType = image.png; path = "tabbar_discover@3x.png"; sourceTree = "<group>"; };
		F550397D1E1E2FE000742E5D /* tabbar_discover_selected@2x.png */ = {isa = PBXFileReference; lastKnownFileType = image.png; path = "tabbar_discover_selected@2x.png"; sourceTree = "<group>"; };
		F550397E1E1E2FE000742E5D /* tabbar_discover_selected@3x.png */ = {isa = PBXFileReference; lastKnownFileType = image.png; path = "tabbar_discover_selected@3x.png"; sourceTree = "<group>"; };
		F550397F1E1E2FE000742E5D /* tabbar_home@2x.png */ = {isa = PBXFileReference; lastKnownFileType = image.png; path = "tabbar_home@2x.png"; sourceTree = "<group>"; };
		F55039801E1E2FE000742E5D /* tabbar_home@3x.png */ = {isa = PBXFileReference; lastKnownFileType = image.png; path = "tabbar_home@3x.png"; sourceTree = "<group>"; };
		F55039811E1E2FE000742E5D /* tabbar_home_selected@2x.png */ = {isa = PBXFileReference; lastKnownFileType = image.png; path = "tabbar_home_selected@2x.png"; sourceTree = "<group>"; };
		F55039821E1E2FE000742E5D /* tabbar_home_selected@3x.png */ = {isa = PBXFileReference; lastKnownFileType = image.png; path = "tabbar_home_selected@3x.png"; sourceTree = "<group>"; };
		F55039831E1E2FE000742E5D /* tabbar_message_center@2x.png */ = {isa = PBXFileReference; lastKnownFileType = image.png; path = "tabbar_message_center@2x.png"; sourceTree = "<group>"; };
		F55039841E1E2FE000742E5D /* tabbar_message_center@3x.png */ = {isa = PBXFileReference; lastKnownFileType = image.png; path = "tabbar_message_center@3x.png"; sourceTree = "<group>"; };
		F55039851E1E2FE000742E5D /* tabbar_message_center_selected@2x.png */ = {isa = PBXFileReference; lastKnownFileType = image.png; path = "tabbar_message_center_selected@2x.png"; sourceTree = "<group>"; };
		F55039861E1E2FE000742E5D /* tabbar_message_center_selected@3x.png */ = {isa = PBXFileReference; lastKnownFileType = image.png; path = "tabbar_message_center_selected@3x.png"; sourceTree = "<group>"; };
		F55039871E1E2FE000742E5D /* tabbar_profile@2x.png */ = {isa = PBXFileReference; lastKnownFileType = image.png; path = "tabbar_profile@2x.png"; sourceTree = "<group>"; };
		F55039881E1E2FE000742E5D /* tabbar_profile@3x.png */ = {isa = PBXFileReference; lastKnownFileType = image.png; path = "tabbar_profile@3x.png"; sourceTree = "<group>"; };
		F55039891E1E2FE000742E5D /* tabbar_profile_selected@2x.png */ = {isa = PBXFileReference; lastKnownFileType = image.png; path = "tabbar_profile_selected@2x.png"; sourceTree = "<group>"; };
		F550398A1E1E2FE000742E5D /* tabbar_profile_selected@3x.png */ = {isa = PBXFileReference; lastKnownFileType = image.png; path = "tabbar_profile_selected@3x.png"; sourceTree = "<group>"; };
		F550398B1E1E2FE000742E5D /* tableview_loading@2x.png */ = {isa = PBXFileReference; lastKnownFileType = image.png; path = "tableview_loading@2x.png"; sourceTree = "<group>"; };
		F550398C1E1E2FE000742E5D /* tableview_pull_refresh@2x.png */ = {isa = PBXFileReference; lastKnownFileType = image.png; path = "tableview_pull_refresh@2x.png"; sourceTree = "<group>"; };
		F55039B31E1E2FF200742E5D /* MidLineLabel.h */ = {isa = PBXFileReference; fileEncoding = 4; lastKnownFileType = sourcecode.c.h; path = MidLineLabel.h; sourceTree = "<group>"; };
		F55039B41E1E2FF200742E5D /* MidLineLabel.m */ = {isa = PBXFileReference; fileEncoding = 4; lastKnownFileType = sourcecode.c.objc; path = MidLineLabel.m; sourceTree = "<group>"; };
		F57ED8D31E31A50500826D18 /* PrefixHeader.pch */ = {isa = PBXFileReference; lastKnownFileType = sourcecode.c.h; path = PrefixHeader.pch; sourceTree = "<group>"; };
		F57ED8D71E31A72200826D18 /* UIImageView+SDWebImage.h */ = {isa = PBXFileReference; fileEncoding = 4; lastKnownFileType = sourcecode.c.h; path = "UIImageView+SDWebImage.h"; sourceTree = "<group>"; };
		F57ED8D81E31A72200826D18 /* UIImageView+SDWebImage.m */ = {isa = PBXFileReference; fileEncoding = 4; lastKnownFileType = sourcecode.c.objc; path = "UIImageView+SDWebImage.m"; sourceTree = "<group>"; };
		F57ED8DB1E31AD9F00826D18 /* JPLoopView.h */ = {isa = PBXFileReference; fileEncoding = 4; lastKnownFileType = sourcecode.c.h; path = JPLoopView.h; sourceTree = "<group>"; };
		F57ED8DC1E31AD9F00826D18 /* JPLoopView.m */ = {isa = PBXFileReference; fileEncoding = 4; lastKnownFileType = sourcecode.c.objc; path = JPLoopView.m; sourceTree = "<group>"; };
		F57ED8DD1E31AD9F00826D18 /* JPLoopViewCell.h */ = {isa = PBXFileReference; fileEncoding = 4; lastKnownFileType = sourcecode.c.h; path = JPLoopViewCell.h; sourceTree = "<group>"; };
		F57ED8DE1E31AD9F00826D18 /* JPLoopViewCell.m */ = {isa = PBXFileReference; fileEncoding = 4; lastKnownFileType = sourcecode.c.objc; path = JPLoopViewCell.m; sourceTree = "<group>"; };
		F57ED8DF1E31AD9F00826D18 /* JPLoopViewLayout.h */ = {isa = PBXFileReference; fileEncoding = 4; lastKnownFileType = sourcecode.c.h; path = JPLoopViewLayout.h; sourceTree = "<group>"; };
		F57ED8E01E31AD9F00826D18 /* JPLoopViewLayout.m */ = {isa = PBXFileReference; fileEncoding = 4; lastKnownFileType = sourcecode.c.objc; path = JPLoopViewLayout.m; sourceTree = "<group>"; };
		F57ED8E11E31AD9F00826D18 /* UIImageView+JPWebImage.h */ = {isa = PBXFileReference; fileEncoding = 4; lastKnownFileType = sourcecode.c.h; path = "UIImageView+JPWebImage.h"; sourceTree = "<group>"; };
		F57ED8E21E31AD9F00826D18 /* UIImageView+JPWebImage.m */ = {isa = PBXFileReference; fileEncoding = 4; lastKnownFileType = sourcecode.c.objc; path = "UIImageView+JPWebImage.m"; sourceTree = "<group>"; };
		F57ED8E81E31ADC300826D18 /* BaseNavigationController.h */ = {isa = PBXFileReference; fileEncoding = 4; lastKnownFileType = sourcecode.c.h; path = BaseNavigationController.h; sourceTree = "<group>"; };
		F57ED8E91E31ADC300826D18 /* BaseNavigationController.m */ = {isa = PBXFileReference; fileEncoding = 4; lastKnownFileType = sourcecode.c.objc; path = BaseNavigationController.m; sourceTree = "<group>"; };
		F57ED8EA1E31ADC300826D18 /* BaseViewController.h */ = {isa = PBXFileReference; fileEncoding = 4; lastKnownFileType = sourcecode.c.h; path = BaseViewController.h; sourceTree = "<group>"; };
		F57ED8EB1E31ADC300826D18 /* BaseViewController.m */ = {isa = PBXFileReference; fileEncoding = 4; lastKnownFileType = sourcecode.c.objc; path = BaseViewController.m; sourceTree = "<group>"; };
		F57ED8EC1E31ADC300826D18 /* MainControllerInfo.plist */ = {isa = PBXFileReference; fileEncoding = 4; lastKnownFileType = text.plist.xml; path = MainControllerInfo.plist; sourceTree = "<group>"; };
		F57ED8ED1E31ADC300826D18 /* MainTabBarController.h */ = {isa = PBXFileReference; fileEncoding = 4; lastKnownFileType = sourcecode.c.h; path = MainTabBarController.h; sourceTree = "<group>"; };
		F57ED8EE1E31ADC300826D18 /* MainTabBarController.m */ = {isa = PBXFileReference; fileEncoding = 4; lastKnownFileType = sourcecode.c.objc; path = MainTabBarController.m; sourceTree = "<group>"; };
		F57ED8F31E31ADD900826D18 /* BaseLoadMoreView.h */ = {isa = PBXFileReference; fileEncoding = 4; lastKnownFileType = sourcecode.c.h; path = BaseLoadMoreView.h; sourceTree = "<group>"; };
		F57ED8F41E31ADD900826D18 /* BaseLoadMoreView.m */ = {isa = PBXFileReference; fileEncoding = 4; lastKnownFileType = sourcecode.c.objc; path = BaseLoadMoreView.m; sourceTree = "<group>"; };
		F57ED8F71E31AE1700826D18 /* FirstViewController.h */ = {isa = PBXFileReference; fileEncoding = 4; lastKnownFileType = sourcecode.c.h; path = FirstViewController.h; sourceTree = "<group>"; };
		F57ED8F81E31AE1700826D18 /* FirstViewController.m */ = {isa = PBXFileReference; fileEncoding = 4; lastKnownFileType = sourcecode.c.objc; path = FirstViewController.m; sourceTree = "<group>"; };
		F57ED8F91E31AE1700826D18 /* FourthViewController.h */ = {isa = PBXFileReference; fileEncoding = 4; lastKnownFileType = sourcecode.c.h; path = FourthViewController.h; sourceTree = "<group>"; };
		F57ED8FA1E31AE1700826D18 /* FourthViewController.m */ = {isa = PBXFileReference; fileEncoding = 4; lastKnownFileType = sourcecode.c.objc; path = FourthViewController.m; sourceTree = "<group>"; };
		F57ED8FB1E31AE1700826D18 /* SecondViewController.h */ = {isa = PBXFileReference; fileEncoding = 4; lastKnownFileType = sourcecode.c.h; path = SecondViewController.h; sourceTree = "<group>"; };
		F57ED8FC1E31AE1700826D18 /* SecondViewController.m */ = {isa = PBXFileReference; fileEncoding = 4; lastKnownFileType = sourcecode.c.objc; path = SecondViewController.m; sourceTree = "<group>"; };
		F57ED8FD1E31AE1700826D18 /* TestViewController.h */ = {isa = PBXFileReference; fileEncoding = 4; lastKnownFileType = sourcecode.c.h; path = TestViewController.h; sourceTree = "<group>"; };
		F57ED8FE1E31AE1700826D18 /* TestViewController.m */ = {isa = PBXFileReference; fileEncoding = 4; lastKnownFileType = sourcecode.c.objc; path = TestViewController.m; sourceTree = "<group>"; };
		F57ED8FF1E31AE1700826D18 /* ThirdViewController.h */ = {isa = PBXFileReference; fileEncoding = 4; lastKnownFileType = sourcecode.c.h; path = ThirdViewController.h; sourceTree = "<group>"; };
		F57ED9001E31AE1700826D18 /* ThirdViewController.m */ = {isa = PBXFileReference; fileEncoding = 4; lastKnownFileType = sourcecode.c.objc; path = ThirdViewController.m; sourceTree = "<group>"; };
		F57ED9011E31AE1700826D18 /* ViewController.h */ = {isa = PBXFileReference; fileEncoding = 4; lastKnownFileType = sourcecode.c.h; path = ViewController.h; sourceTree = "<group>"; };
		F57ED9021E31AE1700826D18 /* ViewController.m */ = {isa = PBXFileReference; fileEncoding = 4; lastKnownFileType = sourcecode.c.objc; path = ViewController.m; sourceTree = "<group>"; };
		F58304881E5EC8930085E23B /* CoreLocation.framework */ = {isa = PBXFileReference; lastKnownFileType = wrapper.framework; name = CoreLocation.framework; path = System/Library/Frameworks/CoreLocation.framework; sourceTree = SDKROOT; };
		F583048A1E5EC89B0085E23B /* QuartzCore.framework */ = {isa = PBXFileReference; lastKnownFileType = wrapper.framework; name = QuartzCore.framework; path = System/Library/Frameworks/QuartzCore.framework; sourceTree = SDKROOT; };
		F583048C1E5EC8A40085E23B /* OpenGLES.framework */ = {isa = PBXFileReference; lastKnownFileType = wrapper.framework; name = OpenGLES.framework; path = System/Library/Frameworks/OpenGLES.framework; sourceTree = SDKROOT; };
		F583048E1E5EC8AC0085E23B /* SystemConfiguration.framework */ = {isa = PBXFileReference; lastKnownFileType = wrapper.framework; name = SystemConfiguration.framework; path = System/Library/Frameworks/SystemConfiguration.framework; sourceTree = SDKROOT; };
		F58304901E5EC8B50085E23B /* CoreGraphics.framework */ = {isa = PBXFileReference; lastKnownFileType = wrapper.framework; name = CoreGraphics.framework; path = System/Library/Frameworks/CoreGraphics.framework; sourceTree = SDKROOT; };
		F58304921E5EC8BD0085E23B /* Security.framework */ = {isa = PBXFileReference; lastKnownFileType = wrapper.framework; name = Security.framework; path = System/Library/Frameworks/Security.framework; sourceTree = SDKROOT; };
		F58304941E5EC8C60085E23B /* libsqlite3.0.tbd */ = {isa = PBXFileReference; lastKnownFileType = "sourcecode.text-based-dylib-definition"; name = libsqlite3.0.tbd; path = usr/lib/libsqlite3.0.tbd; sourceTree = SDKROOT; };
		F58304961E5EC8CF0085E23B /* CoreTelephony.framework */ = {isa = PBXFileReference; lastKnownFileType = wrapper.framework; name = CoreTelephony.framework; path = System/Library/Frameworks/CoreTelephony.framework; sourceTree = SDKROOT; };
		F58304981E5EC8D80085E23B /* libstdc++.6.0.9.tbd */ = {isa = PBXFileReference; lastKnownFileType = "sourcecode.text-based-dylib-definition"; name = "libstdc++.6.0.9.tbd"; path = "usr/lib/libstdc++.6.0.9.tbd"; sourceTree = SDKROOT; };
		F583049A1E5EC9340085E23B /* MAMapKit.framework */ = {isa = PBXFileReference; lastKnownFileType = wrapper.framework; name = MAMapKit.framework; path = Pods/AMap3DMap/MAMapKit.framework; sourceTree = "<group>"; };
		F583049C1E5EC9440085E23B /* AMapFoundationKit.framework */ = {isa = PBXFileReference; lastKnownFileType = wrapper.framework; name = AMapFoundationKit.framework; path = Pods/AMapFoundation/AMapFoundationKit.framework; sourceTree = "<group>"; };
		F583049E1E5EC9690085E23B /* UIKit.framework */ = {isa = PBXFileReference; lastKnownFileType = wrapper.framework; name = UIKit.framework; path = System/Library/Frameworks/UIKit.framework; sourceTree = SDKROOT; };
		F58304A01E5EC9720085E23B /* Foundation.framework */ = {isa = PBXFileReference; lastKnownFileType = wrapper.framework; name = Foundation.framework; path = System/Library/Frameworks/Foundation.framework; sourceTree = SDKROOT; };
		F58304A21E5EC99F0085E23B /* AdSupport.framework */ = {isa = PBXFileReference; lastKnownFileType = wrapper.framework; name = AdSupport.framework; path = System/Library/Frameworks/AdSupport.framework; sourceTree = SDKROOT; };
		F58304A41E5EC9A80085E23B /* JavaScriptCore.framework */ = {isa = PBXFileReference; lastKnownFileType = wrapper.framework; name = JavaScriptCore.framework; path = System/Library/Frameworks/JavaScriptCore.framework; sourceTree = SDKROOT; };
		F58304A61E5EC9B20085E23B /* libz.tbd */ = {isa = PBXFileReference; lastKnownFileType = "sourcecode.text-based-dylib-definition"; name = libz.tbd; path = usr/lib/libz.tbd; sourceTree = SDKROOT; };
		F58304A81E5EC9C30085E23B /* libc++.tbd */ = {isa = PBXFileReference; lastKnownFileType = "sourcecode.text-based-dylib-definition"; name = "libc++.tbd"; path = "usr/lib/libc++.tbd"; sourceTree = SDKROOT; };
		F58304AA1E5ECB9A0085E23B /* MapViewController.h */ = {isa = PBXFileReference; fileEncoding = 4; lastKnownFileType = sourcecode.c.h; path = MapViewController.h; sourceTree = "<group>"; };
		F58304AB1E5ECB9A0085E23B /* MapViewController.m */ = {isa = PBXFileReference; fileEncoding = 4; lastKnownFileType = sourcecode.c.objc; path = MapViewController.m; sourceTree = "<group>"; };
		F58304AE1E5ED0F90085E23B /* IMapView.h */ = {isa = PBXFileReference; fileEncoding = 4; lastKnownFileType = sourcecode.c.h; path = IMapView.h; sourceTree = "<group>"; };
		F58304AF1E5ED2430085E23B /* BaiduBaseMapView.h */ = {isa = PBXFileReference; fileEncoding = 4; lastKnownFileType = sourcecode.c.h; path = BaiduBaseMapView.h; sourceTree = "<group>"; };
		F58304B01E5ED2430085E23B /* BaiduBaseMapView.m */ = {isa = PBXFileReference; fileEncoding = 4; lastKnownFileType = sourcecode.c.objc; path = BaiduBaseMapView.m; sourceTree = "<group>"; };
		F58304B21E5EDBA10085E23B /* GDMapViewController.h */ = {isa = PBXFileReference; fileEncoding = 4; lastKnownFileType = sourcecode.c.h; path = GDMapViewController.h; sourceTree = "<group>"; };
		F58304B31E5EDBA10085E23B /* GDMapViewController.m */ = {isa = PBXFileReference; fileEncoding = 4; lastKnownFileType = sourcecode.c.objc; path = GDMapViewController.m; sourceTree = "<group>"; };
		F58304B51E5EDC8E0085E23B /* GaodeBaseMapView.h */ = {isa = PBXFileReference; fileEncoding = 4; lastKnownFileType = sourcecode.c.h; path = GaodeBaseMapView.h; sourceTree = "<group>"; };
		F58304B61E5EDC8E0085E23B /* GaodeBaseMapView.m */ = {isa = PBXFileReference; fileEncoding = 4; lastKnownFileType = sourcecode.c.objc; path = GaodeBaseMapView.m; sourceTree = "<group>"; };
		F58304B81E5EE09A0085E23B /* IMapFactory.h */ = {isa = PBXFileReference; fileEncoding = 4; lastKnownFileType = sourcecode.c.h; path = IMapFactory.h; sourceTree = "<group>"; };
		F58304B91E5EE1900085E23B /* BaiduMapFactory.h */ = {isa = PBXFileReference; fileEncoding = 4; lastKnownFileType = sourcecode.c.h; path = BaiduMapFactory.h; sourceTree = "<group>"; };
		F58304BA1E5EE1900085E23B /* BaiduMapFactory.m */ = {isa = PBXFileReference; fileEncoding = 4; lastKnownFileType = sourcecode.c.objc; path = BaiduMapFactory.m; sourceTree = "<group>"; };
		F58304BC1E5EE4560085E23B /* GaodeMapFactory.h */ = {isa = PBXFileReference; fileEncoding = 4; lastKnownFileType = sourcecode.c.h; path = GaodeMapFactory.h; sourceTree = "<group>"; };
		F58304BD1E5EE4560085E23B /* GaodeMapFactory.m */ = {isa = PBXFileReference; fileEncoding = 4; lastKnownFileType = sourcecode.c.objc; path = GaodeMapFactory.m; sourceTree = "<group>"; };
		F58304BF1E5EE8A70085E23B /* IMapEngine.h */ = {isa = PBXFileReference; fileEncoding = 4; lastKnownFileType = sourcecode.c.h; path = IMapEngine.h; sourceTree = "<group>"; };
		F58304C01E5EE8A70085E23B /* IMapEngine.m */ = {isa = PBXFileReference; fileEncoding = 4; lastKnownFileType = sourcecode.c.objc; path = IMapEngine.m; sourceTree = "<group>"; };
		F588F59E1E5AC2EE0041E8FA /* BaseConst.h */ = {isa = PBXFileReference; fileEncoding = 4; lastKnownFileType = sourcecode.c.h; path = BaseConst.h; sourceTree = "<group>"; };
		F588F59F1E5AC2EE0041E8FA /* BaseConst.m */ = {isa = PBXFileReference; fileEncoding = 4; lastKnownFileType = sourcecode.c.objc; path = BaseConst.m; sourceTree = "<group>"; };
		F588F5A21E5ADE600041E8FA /* DynamicDemo.h */ = {isa = PBXFileReference; fileEncoding = 4; lastKnownFileType = sourcecode.c.h; path = DynamicDemo.h; sourceTree = "<group>"; };
		F588F5A31E5ADE600041E8FA /* DynamicDemo.m */ = {isa = PBXFileReference; fileEncoding = 4; lastKnownFileType = sourcecode.c.objc; path = DynamicDemo.m; sourceTree = "<group>"; };
		F5A2520A1E56D60300B12AA0 /* BigImageTest.h */ = {isa = PBXFileReference; fileEncoding = 4; lastKnownFileType = sourcecode.c.h; path = BigImageTest.h; sourceTree = "<group>"; };
		F5A2520B1E56D60300B12AA0 /* BigImageTest.m */ = {isa = PBXFileReference; fileEncoding = 4; lastKnownFileType = sourcecode.c.objc; path = BigImageTest.m; sourceTree = "<group>"; };
		F5A252111E56DFE300B12AA0 /* BigImageViewController.h */ = {isa = PBXFileReference; fileEncoding = 4; lastKnownFileType = sourcecode.c.h; path = BigImageViewController.h; sourceTree = "<group>"; };
		F5A252121E56DFE300B12AA0 /* BigImageViewController.m */ = {isa = PBXFileReference; fileEncoding = 4; lastKnownFileType = sourcecode.c.objc; path = BigImageViewController.m; sourceTree = "<group>"; };
		F5C4EF481E1F72F40092CD3C /* LoadingHUD.h */ = {isa = PBXFileReference; fileEncoding = 4; lastKnownFileType = sourcecode.c.h; path = LoadingHUD.h; sourceTree = "<group>"; };
		F5C4EF491E1F72F40092CD3C /* LoadingHUD.m */ = {isa = PBXFileReference; fileEncoding = 4; lastKnownFileType = sourcecode.c.objc; path = LoadingHUD.m; sourceTree = "<group>"; };
		F5D418ED1E1BA45000DBB258 /* BaseViewController.app */ = {isa = PBXFileReference; explicitFileType = wrapper.application; includeInIndex = 0; path = BaseViewController.app; sourceTree = BUILT_PRODUCTS_DIR; };
		F5D418F11E1BA45000DBB258 /* main.m */ = {isa = PBXFileReference; lastKnownFileType = sourcecode.c.objc; path = main.m; sourceTree = "<group>"; };
		F5D418F31E1BA45000DBB258 /* AppDelegate.h */ = {isa = PBXFileReference; lastKnownFileType = sourcecode.c.h; path = AppDelegate.h; sourceTree = "<group>"; };
		F5D418F41E1BA45000DBB258 /* AppDelegate.m */ = {isa = PBXFileReference; lastKnownFileType = sourcecode.c.objc; path = AppDelegate.m; sourceTree = "<group>"; };
		F5D418FA1E1BA45100DBB258 /* Base */ = {isa = PBXFileReference; lastKnownFileType = file.storyboard; name = Base; path = Base.lproj/Main.storyboard; sourceTree = "<group>"; };
		F5D418FC1E1BA45100DBB258 /* Assets.xcassets */ = {isa = PBXFileReference; lastKnownFileType = folder.assetcatalog; path = Assets.xcassets; sourceTree = "<group>"; };
		F5D418FF1E1BA45100DBB258 /* Base */ = {isa = PBXFileReference; lastKnownFileType = file.storyboard; name = Base; path = Base.lproj/LaunchScreen.storyboard; sourceTree = "<group>"; };
		F5D419011E1BA45100DBB258 /* Info.plist */ = {isa = PBXFileReference; lastKnownFileType = text.plist.xml; path = Info.plist; sourceTree = "<group>"; };
		F5F9EA7A1E1CB9B4001765F8 /* UIButton+RemoveHighlightEffect.h */ = {isa = PBXFileReference; fileEncoding = 4; lastKnownFileType = sourcecode.c.h; path = "UIButton+RemoveHighlightEffect.h"; sourceTree = "<group>"; };
		F5F9EA7B1E1CB9B4001765F8 /* UIButton+RemoveHighlightEffect.m */ = {isa = PBXFileReference; fileEncoding = 4; lastKnownFileType = sourcecode.c.objc; path = "UIButton+RemoveHighlightEffect.m"; sourceTree = "<group>"; };
		F5F9EA7C1E1CB9B4001765F8 /* UIColor+JP_Color.h */ = {isa = PBXFileReference; fileEncoding = 4; lastKnownFileType = sourcecode.c.h; path = "UIColor+JP_Color.h"; sourceTree = "<group>"; };
		F5F9EA7D1E1CB9B4001765F8 /* UIColor+JP_Color.m */ = {isa = PBXFileReference; fileEncoding = 4; lastKnownFileType = sourcecode.c.objc; path = "UIColor+JP_Color.m"; sourceTree = "<group>"; };
		F5F9EA7E1E1CB9B4001765F8 /* UIView+BlockGesture.h */ = {isa = PBXFileReference; fileEncoding = 4; lastKnownFileType = sourcecode.c.h; path = "UIView+BlockGesture.h"; sourceTree = "<group>"; };
		F5F9EA7F1E1CB9B4001765F8 /* UIView+BlockGesture.m */ = {isa = PBXFileReference; fileEncoding = 4; lastKnownFileType = sourcecode.c.objc; path = "UIView+BlockGesture.m"; sourceTree = "<group>"; };
		F5F9EA801E1CB9B4001765F8 /* UIView+JP_Frame.h */ = {isa = PBXFileReference; fileEncoding = 4; lastKnownFileType = sourcecode.c.h; path = "UIView+JP_Frame.h"; sourceTree = "<group>"; };
		F5F9EA811E1CB9B4001765F8 /* UIView+JP_Frame.m */ = {isa = PBXFileReference; fileEncoding = 4; lastKnownFileType = sourcecode.c.objc; path = "UIView+JP_Frame.m"; sourceTree = "<group>"; };
/* End PBXFileReference section */

/* Begin PBXFrameworksBuildPhase section */
		F5D418EA1E1BA45000DBB258 /* Frameworks */ = {
			isa = PBXFrameworksBuildPhase;
			buildActionMask = 2147483647;
			files = (
				F58304A91E5EC9C30085E23B /* libc++.tbd in Frameworks */,
				F58304A71E5EC9B20085E23B /* libz.tbd in Frameworks */,
				F58304A51E5EC9A80085E23B /* JavaScriptCore.framework in Frameworks */,
				F58304A31E5EC99F0085E23B /* AdSupport.framework in Frameworks */,
				F58304931E5EC8BD0085E23B /* Security.framework in Frameworks */,
				F583048F1E5EC8AC0085E23B /* SystemConfiguration.framework in Frameworks */,
				F58304971E5EC8CF0085E23B /* CoreTelephony.framework in Frameworks */,
				F58304A11E5EC9720085E23B /* Foundation.framework in Frameworks */,
				F583049F1E5EC9690085E23B /* UIKit.framework in Frameworks */,
				F583048D1E5EC8A40085E23B /* OpenGLES.framework in Frameworks */,
				F583049D1E5EC9440085E23B /* AMapFoundationKit.framework in Frameworks */,
				F583049B1E5EC9340085E23B /* MAMapKit.framework in Frameworks */,
				F58304991E5EC8D80085E23B /* libstdc++.6.0.9.tbd in Frameworks */,
				F58304951E5EC8C60085E23B /* libsqlite3.0.tbd in Frameworks */,
				F58304911E5EC8B50085E23B /* CoreGraphics.framework in Frameworks */,
				F583048B1E5EC89B0085E23B /* QuartzCore.framework in Frameworks */,
				F58304891E5EC8930085E23B /* CoreLocation.framework in Frameworks */,
				D0FAD47CE311E306ADB47A30 /* libPods-BaseViewController.a in Frameworks */,
			);
			runOnlyForDeploymentPostprocessing = 0;
		};
/* End PBXFrameworksBuildPhase section */

/* Begin PBXGroup section */
		BFBB5464E485EDF2D9686A21 /* Pods */ = {
			isa = PBXGroup;
			children = (
				B81F2EAB479D139261D0C826 /* Pods-BaseViewController.debug.xcconfig */,
				9B10C11AEED04B4B80CD19A0 /* Pods-BaseViewController.release.xcconfig */,
			);
			name = Pods;
			sourceTree = "<group>";
		};
		E168E4F948D2E89265C80BD9 /* Frameworks */ = {
			isa = PBXGroup;
			children = (
				F58304A81E5EC9C30085E23B /* libc++.tbd */,
				F58304A61E5EC9B20085E23B /* libz.tbd */,
				F58304A41E5EC9A80085E23B /* JavaScriptCore.framework */,
				F58304A21E5EC99F0085E23B /* AdSupport.framework */,
				F58304A01E5EC9720085E23B /* Foundation.framework */,
				F583049E1E5EC9690085E23B /* UIKit.framework */,
				F583049C1E5EC9440085E23B /* AMapFoundationKit.framework */,
				F583049A1E5EC9340085E23B /* MAMapKit.framework */,
				F58304981E5EC8D80085E23B /* libstdc++.6.0.9.tbd */,
				F58304961E5EC8CF0085E23B /* CoreTelephony.framework */,
				F58304941E5EC8C60085E23B /* libsqlite3.0.tbd */,
				F58304921E5EC8BD0085E23B /* Security.framework */,
				F58304901E5EC8B50085E23B /* CoreGraphics.framework */,
				F583048E1E5EC8AC0085E23B /* SystemConfiguration.framework */,
				F583048C1E5EC8A40085E23B /* OpenGLES.framework */,
				F583048A1E5EC89B0085E23B /* QuartzCore.framework */,
				F58304881E5EC8930085E23B /* CoreLocation.framework */,
				5D318ABA87E73B3AD6BB5C1C /* libPods-BaseViewController.a */,
			);
			name = Frameworks;
			sourceTree = "<group>";
		};
		F535AA8A1E55512A00C7BE9C /* AFNetworkManager */ = {
			isa = PBXGroup;
			children = (
				F535AA8B1E55512A00C7BE9C /* NetworkManager.h */,
				F535AA8C1E55512A00C7BE9C /* NetworkManager.m */,
			);
			path = AFNetworkManager;
			sourceTree = "<group>";
		};
		F550394F1E1E25D000742E5D /* OCJDRefreshControl */ = {
			isa = PBXGroup;
			children = (
				F57ED8F31E31ADD900826D18 /* BaseLoadMoreView.h */,
				F57ED8F41E31ADD900826D18 /* BaseLoadMoreView.m */,
				F55039501E1E25D000742E5D /* image */,
				F55039571E1E25D000742E5D /* JPRefreshControl.h */,
				F55039581E1E25D000742E5D /* JPRefreshControl.m */,
				F55039591E1E25D000742E5D /* JDRefreshView.h */,
				F550395A1E1E25D000742E5D /* JDRefreshView.m */,
				F55039631E1E260D00742E5D /* JPNormalRefreshView.h */,
				F55039641E1E260D00742E5D /* JPNormalRefreshView.m */,
			);
			path = OCJDRefreshControl;
			sourceTree = "<group>";
		};
		F55039501E1E25D000742E5D /* image */ = {
			isa = PBXGroup;
			children = (
				F55039511E1E25D000742E5D /* box@2x.png */,
				F55039521E1E25D000742E5D /* deliveryStaff1@2x.png */,
				F55039531E1E25D000742E5D /* deliveryStaff2@2x.png */,
				F55039541E1E25D000742E5D /* deliveryStaff3@2x.png */,
				F55039551E1E25D000742E5D /* deliveryStaff@2x.png */,
				F55039561E1E25D000742E5D /* staticDeliveryStaff@2x.png */,
			);
			path = image;
			sourceTree = "<group>";
		};
		F55039661E1E2FE000742E5D /* TabBar */ = {
			isa = PBXGroup;
			children = (
				F55039671E1E2FE000742E5D /* allproducts@2x.png */,
				F55039681E1E2FE000742E5D /* allproducts_s@2x.png */,
				F55039691E1E2FE000742E5D /* main_badge@2x.png */,
				F550396A1E1E2FE000742E5D /* navigationbar_back_withtext@2x.png */,
				F550396B1E1E2FE000742E5D /* navigationbar_back_withtext@3x.png */,
				F550396C1E1E2FE000742E5D /* navigationbar_back_withtext_highlighted@2x.png */,
				F550396D1E1E2FE000742E5D /* navigationbar_back_withtext_highlighted@3x.png */,
				F550396E1E1E2FE000742E5D /* tabbar_background@2x.png */,
				F550396F1E1E2FE000742E5D /* tabbar_compose_background_icon_close@2x.png */,
				F55039701E1E2FE000742E5D /* tabbar_compose_background_icon_close@3x.png */,
				F55039711E1E2FE000742E5D /* tabbar_compose_background_icon_return@2x.png */,
				F55039721E1E2FE000742E5D /* tabbar_compose_background_icon_return@3x.png */,
				F55039731E1E2FE000742E5D /* tabbar_compose_button@2x.png */,
				F55039741E1E2FE000742E5D /* tabbar_compose_button@3x.png */,
				F55039751E1E2FE000742E5D /* tabbar_compose_button_highlighted@2x.png */,
				F55039761E1E2FE000742E5D /* tabbar_compose_button_highlighted@3x.png */,
				F55039771E1E2FE000742E5D /* tabbar_compose_icon_add@2x.png */,
				F55039781E1E2FE000742E5D /* tabbar_compose_icon_add@3x.png */,
				F55039791E1E2FE000742E5D /* tabbar_compose_icon_add_highlighted@2x.png */,
				F550397A1E1E2FE000742E5D /* tabbar_compose_icon_add_highlighted@3x.png */,
				F550397B1E1E2FE000742E5D /* tabbar_discover@2x.png */,
				F550397C1E1E2FE000742E5D /* tabbar_discover@3x.png */,
				F550397D1E1E2FE000742E5D /* tabbar_discover_selected@2x.png */,
				F550397E1E1E2FE000742E5D /* tabbar_discover_selected@3x.png */,
				F550397F1E1E2FE000742E5D /* tabbar_home@2x.png */,
				F55039801E1E2FE000742E5D /* tabbar_home@3x.png */,
				F55039811E1E2FE000742E5D /* tabbar_home_selected@2x.png */,
				F55039821E1E2FE000742E5D /* tabbar_home_selected@3x.png */,
				F55039831E1E2FE000742E5D /* tabbar_message_center@2x.png */,
				F55039841E1E2FE000742E5D /* tabbar_message_center@3x.png */,
				F55039851E1E2FE000742E5D /* tabbar_message_center_selected@2x.png */,
				F55039861E1E2FE000742E5D /* tabbar_message_center_selected@3x.png */,
				F55039871E1E2FE000742E5D /* tabbar_profile@2x.png */,
				F55039881E1E2FE000742E5D /* tabbar_profile@3x.png */,
				F55039891E1E2FE000742E5D /* tabbar_profile_selected@2x.png */,
				F550398A1E1E2FE000742E5D /* tabbar_profile_selected@3x.png */,
				F550398B1E1E2FE000742E5D /* tableview_loading@2x.png */,
				F550398C1E1E2FE000742E5D /* tableview_pull_refresh@2x.png */,
			);
			path = TabBar;
			sourceTree = "<group>";
		};
		F57ED8DA1E31AD9F00826D18 /* JPLoopView */ = {
			isa = PBXGroup;
			children = (
				F57ED8DB1E31AD9F00826D18 /* JPLoopView.h */,
				F57ED8DC1E31AD9F00826D18 /* JPLoopView.m */,
				F57ED8DD1E31AD9F00826D18 /* JPLoopViewCell.h */,
				F57ED8DE1E31AD9F00826D18 /* JPLoopViewCell.m */,
				F57ED8DF1E31AD9F00826D18 /* JPLoopViewLayout.h */,
				F57ED8E01E31AD9F00826D18 /* JPLoopViewLayout.m */,
				F57ED8E11E31AD9F00826D18 /* UIImageView+JPWebImage.h */,
				F57ED8E21E31AD9F00826D18 /* UIImageView+JPWebImage.m */,
			);
			path = JPLoopView;
			sourceTree = "<group>";
		};
		F57ED8E71E31ADC300826D18 /* Base */ = {
			isa = PBXGroup;
			children = (
				F58304AD1E5ED0E30085E23B /* BaseMap(面向协议) */,
				F57ED8E81E31ADC300826D18 /* BaseNavigationController.h */,
				F57ED8E91E31ADC300826D18 /* BaseNavigationController.m */,
				F57ED8EA1E31ADC300826D18 /* BaseViewController.h */,
				F57ED8EB1E31ADC300826D18 /* BaseViewController.m */,
				F57ED8EC1E31ADC300826D18 /* MainControllerInfo.plist */,
				F57ED8ED1E31ADC300826D18 /* MainTabBarController.h */,
				F57ED8EE1E31ADC300826D18 /* MainTabBarController.m */,
				F588F59E1E5AC2EE0041E8FA /* BaseConst.h */,
				F588F59F1E5AC2EE0041E8FA /* BaseConst.m */,
			);
			path = Base;
			sourceTree = "<group>";
		};
		F57ED8F61E31ADF600826D18 /* OtherController */ = {
			isa = PBXGroup;
			children = (
				F57ED8F71E31AE1700826D18 /* FirstViewController.h */,
				F57ED8F81E31AE1700826D18 /* FirstViewController.m */,
				F57ED8F91E31AE1700826D18 /* FourthViewController.h */,
				F57ED8FA1E31AE1700826D18 /* FourthViewController.m */,
				F57ED8FB1E31AE1700826D18 /* SecondViewController.h */,
				F57ED8FC1E31AE1700826D18 /* SecondViewController.m */,
				F57ED8FD1E31AE1700826D18 /* TestViewController.h */,
				F57ED8FE1E31AE1700826D18 /* TestViewController.m */,
				F5A2520A1E56D60300B12AA0 /* BigImageTest.h */,
				F5A2520B1E56D60300B12AA0 /* BigImageTest.m */,
				F5A252111E56DFE300B12AA0 /* BigImageViewController.h */,
				F5A252121E56DFE300B12AA0 /* BigImageViewController.m */,
				F57ED8FF1E31AE1700826D18 /* ThirdViewController.h */,
				F57ED9001E31AE1700826D18 /* ThirdViewController.m */,
				F57ED9011E31AE1700826D18 /* ViewController.h */,
				F57ED9021E31AE1700826D18 /* ViewController.m */,
				F58304AA1E5ECB9A0085E23B /* MapViewController.h */,
				F58304AB1E5ECB9A0085E23B /* MapViewController.m */,
				F58304B21E5EDBA10085E23B /* GDMapViewController.h */,
				F58304B31E5EDBA10085E23B /* GDMapViewController.m */,
			);
			path = OtherController;
			sourceTree = "<group>";
		};
		F58304AD1E5ED0E30085E23B /* BaseMap(面向协议) */ = {
			isa = PBXGroup;
			children = (
				F58304AE1E5ED0F90085E23B /* IMapView.h */,
				F58304B81E5EE09A0085E23B /* IMapFactory.h */,
				F58304BF1E5EE8A70085E23B /* IMapEngine.h */,
				F58304C01E5EE8A70085E23B /* IMapEngine.m */,
				F58304B91E5EE1900085E23B /* BaiduMapFactory.h */,
				F58304BA1E5EE1900085E23B /* BaiduMapFactory.m */,
				F58304BC1E5EE4560085E23B /* GaodeMapFactory.h */,
				F58304BD1E5EE4560085E23B /* GaodeMapFactory.m */,
				F58304AF1E5ED2430085E23B /* BaiduBaseMapView.h */,
				F58304B01E5ED2430085E23B /* BaiduBaseMapView.m */,
				F58304B51E5EDC8E0085E23B /* GaodeBaseMapView.h */,
				F58304B61E5EDC8E0085E23B /* GaodeBaseMapView.m */,
			);
			name = "BaseMap(面向协议)";
			path = BaseMap;
			sourceTree = "<group>";
		};
		F588F5A11E5ADE380041E8FA /* Test */ = {
			isa = PBXGroup;
			children = (
				F588F5A21E5ADE600041E8FA /* DynamicDemo.h */,
				F588F5A31E5ADE600041E8FA /* DynamicDemo.m */,
			);
			path = Test;
			sourceTree = "<group>";
		};
		F5C4EF471E1F72F40092CD3C /* LoadingHUD */ = {
			isa = PBXGroup;
			children = (
				F5C4EF481E1F72F40092CD3C /* LoadingHUD.h */,
				F5C4EF491E1F72F40092CD3C /* LoadingHUD.m */,
			);
			path = LoadingHUD;
			sourceTree = "<group>";
		};
		F5D418E41E1BA45000DBB258 = {
			isa = PBXGroup;
			children = (
				F5D418EF1E1BA45000DBB258 /* BaseViewController */,
				F5D418EE1E1BA45000DBB258 /* Products */,
				BFBB5464E485EDF2D9686A21 /* Pods */,
				E168E4F948D2E89265C80BD9 /* Frameworks */,
			);
			sourceTree = "<group>";
		};
		F5D418EE1E1BA45000DBB258 /* Products */ = {
			isa = PBXGroup;
			children = (
				F5D418ED1E1BA45000DBB258 /* BaseViewController.app */,
			);
			name = Products;
			sourceTree = "<group>";
		};
		F5D418EF1E1BA45000DBB258 /* BaseViewController */ = {
			isa = PBXGroup;
			children = (
				F5D419071E1BA46D00DBB258 /* BaseViewController */,
				F5D418F31E1BA45000DBB258 /* AppDelegate.h */,
				F5D418F41E1BA45000DBB258 /* AppDelegate.m */,
				F57ED8D31E31A50500826D18 /* PrefixHeader.pch */,
				F550394A1E1DF63C00742E5D /* 曼巴谢幕.png */,
				F5D418F91E1BA45100DBB258 /* Main.storyboard */,
				F5D418FC1E1BA45100DBB258 /* Assets.xcassets */,
				F5D418FE1E1BA45100DBB258 /* LaunchScreen.storyboard */,
				F5D419011E1BA45100DBB258 /* Info.plist */,
				F5D418F01E1BA45000DBB258 /* Supporting Files */,
			);
			path = BaseViewController;
			sourceTree = "<group>";
		};
		F5D418F01E1BA45000DBB258 /* Supporting Files */ = {
			isa = PBXGroup;
			children = (
				F5D418F11E1BA45000DBB258 /* main.m */,
			);
			name = "Supporting Files";
			sourceTree = "<group>";
		};
		F5D419071E1BA46D00DBB258 /* BaseViewController */ = {
			isa = PBXGroup;
			children = (
				F535AA8A1E55512A00C7BE9C /* AFNetworkManager */,
				F57ED8DA1E31AD9F00826D18 /* JPLoopView */,
				F5C4EF471E1F72F40092CD3C /* LoadingHUD */,
				F55039661E1E2FE000742E5D /* TabBar */,
				F550394F1E1E25D000742E5D /* OCJDRefreshControl */,
				F5F9EA791E1CB9B4001765F8 /* Extensions */,
				F57ED8E71E31ADC300826D18 /* Base */,
				F588F5A11E5ADE380041E8FA /* Test */,
				F57ED8F61E31ADF600826D18 /* OtherController */,
			);
			path = BaseViewController;
			sourceTree = "<group>";
		};
		F5F9EA791E1CB9B4001765F8 /* Extensions */ = {
			isa = PBXGroup;
			children = (
				F55039B31E1E2FF200742E5D /* MidLineLabel.h */,
				F55039B41E1E2FF200742E5D /* MidLineLabel.m */,
				F550393E1E1DDC5D00742E5D /* NSObject+runtime.h */,
				F550393F1E1DDC5D00742E5D /* NSObject+runtime.m */,
				F55039401E1DDC5D00742E5D /* UIView+Corner_Radius.h */,
				F55039411E1DDC5D00742E5D /* UIView+Corner_Radius.m */,
				F55039421E1DDC5D00742E5D /* UIViewController+NSLogAppear.h */,
				F55039431E1DDC5D00742E5D /* UIViewController+NSLogAppear.m */,
				F5F9EA7A1E1CB9B4001765F8 /* UIButton+RemoveHighlightEffect.h */,
				F5F9EA7B1E1CB9B4001765F8 /* UIButton+RemoveHighlightEffect.m */,
				F5F9EA7C1E1CB9B4001765F8 /* UIColor+JP_Color.h */,
				F5F9EA7D1E1CB9B4001765F8 /* UIColor+JP_Color.m */,
				F5F9EA7E1E1CB9B4001765F8 /* UIView+BlockGesture.h */,
				F5F9EA7F1E1CB9B4001765F8 /* UIView+BlockGesture.m */,
				F5F9EA801E1CB9B4001765F8 /* UIView+JP_Frame.h */,
				F5F9EA811E1CB9B4001765F8 /* UIView+JP_Frame.m */,
				F55039471E1DEF5B00742E5D /* UIImage+Extension.h */,
				F55039481E1DEF5B00742E5D /* UIImage+Extension.m */,
				F57ED8D71E31A72200826D18 /* UIImageView+SDWebImage.h */,
				F57ED8D81E31A72200826D18 /* UIImageView+SDWebImage.m */,
				F550394C1E1E19D200742E5D /* UIBarButtonItem+Extension.h */,
				F550394D1E1E19D200742E5D /* UIBarButtonItem+Extension.m */,
			);
			path = Extensions;
			sourceTree = "<group>";
		};
/* End PBXGroup section */

/* Begin PBXNativeTarget section */
		F5D418EC1E1BA45000DBB258 /* BaseViewController */ = {
			isa = PBXNativeTarget;
			buildConfigurationList = F5D419041E1BA45100DBB258 /* Build configuration list for PBXNativeTarget "BaseViewController" */;
			buildPhases = (
				D977782528F97532DECE8818 /* [CP] Check Pods Manifest.lock */,
				F5D418E91E1BA45000DBB258 /* Sources */,
				F5D418EA1E1BA45000DBB258 /* Frameworks */,
				F5D418EB1E1BA45000DBB258 /* Resources */,
				350C37D22F4E3593E0312A9E /* [CP] Embed Pods Frameworks */,
				E6CDA882C6CCA8BB3B8C6FA2 /* [CP] Copy Pods Resources */,
			);
			buildRules = (
			);
			dependencies = (
			);
			name = BaseViewController;
			productName = BaseViewController;
			productReference = F5D418ED1E1BA45000DBB258 /* BaseViewController.app */;
			productType = "com.apple.product-type.application";
		};
/* End PBXNativeTarget section */

/* Begin PBXProject section */
		F5D418E51E1BA45000DBB258 /* Project object */ = {
			isa = PBXProject;
			attributes = {
				LastUpgradeCheck = 0810;
				ORGANIZATIONNAME = dong;
				TargetAttributes = {
					F5D418EC1E1BA45000DBB258 = {
						CreatedOnToolsVersion = 8.1;
						DevelopmentTeam = U37X4645WQ;
						ProvisioningStyle = Automatic;
					};
				};
			};
			buildConfigurationList = F5D418E81E1BA45000DBB258 /* Build configuration list for PBXProject "BaseViewController" */;
			compatibilityVersion = "Xcode 3.2";
			developmentRegion = English;
			hasScannedForEncodings = 0;
			knownRegions = (
				en,
				Base,
			);
			mainGroup = F5D418E41E1BA45000DBB258;
			productRefGroup = F5D418EE1E1BA45000DBB258 /* Products */;
			projectDirPath = "";
			projectRoot = "";
			targets = (
				F5D418EC1E1BA45000DBB258 /* BaseViewController */,
			);
		};
/* End PBXProject section */

/* Begin PBXResourcesBuildPhase section */
		F5D418EB1E1BA45000DBB258 /* Resources */ = {
			isa = PBXResourcesBuildPhase;
			buildActionMask = 2147483647;
			files = (
				F55039951E1E2FE000742E5D /* tabbar_compose_background_icon_close@2x.png in Resources */,
				F55039931E1E2FE000742E5D /* navigationbar_back_withtext_highlighted@3x.png in Resources */,
				F550399A1E1E2FE000742E5D /* tabbar_compose_button@3x.png in Resources */,
				F550399D1E1E2FE000742E5D /* tabbar_compose_icon_add@2x.png in Resources */,
				F55039921E1E2FE000742E5D /* navigationbar_back_withtext_highlighted@2x.png in Resources */,
				F55039A51E1E2FE000742E5D /* tabbar_home@2x.png in Resources */,
				F55039A11E1E2FE000742E5D /* tabbar_discover@2x.png in Resources */,
				F55039901E1E2FE000742E5D /* navigationbar_back_withtext@2x.png in Resources */,
				F55039981E1E2FE000742E5D /* tabbar_compose_background_icon_return@3x.png in Resources */,
				F55039B11E1E2FE100742E5D /* tableview_loading@2x.png in Resources */,
				F55039971E1E2FE000742E5D /* tabbar_compose_background_icon_return@2x.png in Resources */,
				F55039961E1E2FE000742E5D /* tabbar_compose_background_icon_close@3x.png in Resources */,
				F550398F1E1E2FE000742E5D /* main_badge@2x.png in Resources */,
				F57ED8F11E31ADC300826D18 /* MainControllerInfo.plist in Resources */,
				F55039991E1E2FE000742E5D /* tabbar_compose_button@2x.png in Resources */,
				F550399E1E1E2FE000742E5D /* tabbar_compose_icon_add@3x.png in Resources */,
				F55039601E1E25D100742E5D /* staticDeliveryStaff@2x.png in Resources */,
				F5D419001E1BA45100DBB258 /* LaunchScreen.storyboard in Resources */,
				F55039A01E1E2FE000742E5D /* tabbar_compose_icon_add_highlighted@3x.png in Resources */,
				F5D418FD1E1BA45100DBB258 /* Assets.xcassets in Resources */,
				F550395C1E1E25D000742E5D /* deliveryStaff1@2x.png in Resources */,
				F550399B1E1E2FE000742E5D /* tabbar_compose_button_highlighted@2x.png in Resources */,
				F55039A41E1E2FE000742E5D /* tabbar_discover_selected@3x.png in Resources */,
				F5D418FB1E1BA45100DBB258 /* Main.storyboard in Resources */,
				F55039AB1E1E2FE000742E5D /* tabbar_message_center_selected@2x.png in Resources */,
				F55039941E1E2FE000742E5D /* tabbar_background@2x.png in Resources */,
				F55039A61E1E2FE000742E5D /* tabbar_home@3x.png in Resources */,
				F550399F1E1E2FE000742E5D /* tabbar_compose_icon_add_highlighted@2x.png in Resources */,
				F550395D1E1E25D000742E5D /* deliveryStaff2@2x.png in Resources */,
				F55039AC1E1E2FE100742E5D /* tabbar_message_center_selected@3x.png in Resources */,
				F55039A81E1E2FE000742E5D /* tabbar_home_selected@3x.png in Resources */,
				F55039AA1E1E2FE000742E5D /* tabbar_message_center@3x.png in Resources */,
				F55039AD1E1E2FE100742E5D /* tabbar_profile@2x.png in Resources */,
				F550395B1E1E25D000742E5D /* box@2x.png in Resources */,
				F55039A31E1E2FE000742E5D /* tabbar_discover_selected@2x.png in Resources */,
				F55039AF1E1E2FE100742E5D /* tabbar_profile_selected@2x.png in Resources */,
				F550394B1E1DF63C00742E5D /* 曼巴谢幕.png in Resources */,
				F55039B21E1E2FE100742E5D /* tableview_pull_refresh@2x.png in Resources */,
				F550399C1E1E2FE000742E5D /* tabbar_compose_button_highlighted@3x.png in Resources */,
				F55039A91E1E2FE000742E5D /* tabbar_message_center@2x.png in Resources */,
				F550395E1E1E25D100742E5D /* deliveryStaff3@2x.png in Resources */,
				F550398E1E1E2FE000742E5D /* allproducts_s@2x.png in Resources */,
				F55039A71E1E2FE000742E5D /* tabbar_home_selected@2x.png in Resources */,
				F550395F1E1E25D100742E5D /* deliveryStaff@2x.png in Resources */,
				F55039911E1E2FE000742E5D /* navigationbar_back_withtext@3x.png in Resources */,
				F550398D1E1E2FE000742E5D /* allproducts@2x.png in Resources */,
				F55039AE1E1E2FE100742E5D /* tabbar_profile@3x.png in Resources */,
				F55039B01E1E2FE100742E5D /* tabbar_profile_selected@3x.png in Resources */,
				F55039A21E1E2FE000742E5D /* tabbar_discover@3x.png in Resources */,
			);
			runOnlyForDeploymentPostprocessing = 0;
		};
/* End PBXResourcesBuildPhase section */

/* Begin PBXShellScriptBuildPhase section */
		350C37D22F4E3593E0312A9E /* [CP] Embed Pods Frameworks */ = {
			isa = PBXShellScriptBuildPhase;
			buildActionMask = 2147483647;
			files = (
			);
			inputPaths = (
			);
			name = "[CP] Embed Pods Frameworks";
			outputPaths = (
			);
			runOnlyForDeploymentPostprocessing = 0;
			shellPath = /bin/sh;
			shellScript = "\"${SRCROOT}/Pods/Target Support Files/Pods-BaseViewController/Pods-BaseViewController-frameworks.sh\"\n";
			showEnvVarsInLog = 0;
		};
		D977782528F97532DECE8818 /* [CP] Check Pods Manifest.lock */ = {
			isa = PBXShellScriptBuildPhase;
			buildActionMask = 2147483647;
			files = (
			);
			inputPaths = (
			);
			name = "[CP] Check Pods Manifest.lock";
			outputPaths = (
			);
			runOnlyForDeploymentPostprocessing = 0;
			shellPath = /bin/sh;
			shellScript = "diff \"${PODS_ROOT}/../Podfile.lock\" \"${PODS_ROOT}/Manifest.lock\" > /dev/null\nif [ $? != 0 ] ; then\n    # print error to STDERR\n    echo \"error: The sandbox is not in sync with the Podfile.lock. Run 'pod install' or update your CocoaPods installation.\" >&2\n    exit 1\nfi\n";
			showEnvVarsInLog = 0;
		};
		E6CDA882C6CCA8BB3B8C6FA2 /* [CP] Copy Pods Resources */ = {
			isa = PBXShellScriptBuildPhase;
			buildActionMask = 2147483647;
			files = (
			);
			inputPaths = (
			);
			name = "[CP] Copy Pods Resources";
			outputPaths = (
			);
			runOnlyForDeploymentPostprocessing = 0;
			shellPath = /bin/sh;
			shellScript = "\"${SRCROOT}/Pods/Target Support Files/Pods-BaseViewController/Pods-BaseViewController-resources.sh\"\n";
			showEnvVarsInLog = 0;
		};
/* End PBXShellScriptBuildPhase section */

/* Begin PBXSourcesBuildPhase section */
		F5D418E91E1BA45000DBB258 /* Sources */ = {
			isa = PBXSourcesBuildPhase;
			buildActionMask = 2147483647;
			files = (
				F5F9EA841E1CB9B4001765F8 /* UIView+BlockGesture.m in Sources */,
				F55039451E1DDC5D00742E5D /* UIView+Corner_Radius.m in Sources */,
				F58304AC1E5ECB9A0085E23B /* MapViewController.m in Sources */,
				F57ED8EF1E31ADC300826D18 /* BaseNavigationController.m in Sources */,
				F57ED8E51E31AD9F00826D18 /* JPLoopViewLayout.m in Sources */,
				F55039621E1E25D100742E5D /* JDRefreshView.m in Sources */,
				F588F5A01E5AC2EE0041E8FA /* BaseConst.m in Sources */,
				F550394E1E1E19D200742E5D /* UIBarButtonItem+Extension.m in Sources */,
				F57ED8F21E31ADC300826D18 /* MainTabBarController.m in Sources */,
				F57ED9061E31AE1700826D18 /* TestViewController.m in Sources */,
				F57ED8E61E31AD9F00826D18 /* UIImageView+JPWebImage.m in Sources */,
				F57ED8D91E31A72200826D18 /* UIImageView+SDWebImage.m in Sources */,
				F57ED8F01E31ADC300826D18 /* BaseViewController.m in Sources */,
				F57ED8E31E31AD9F00826D18 /* JPLoopView.m in Sources */,
				F57ED9071E31AE1700826D18 /* ThirdViewController.m in Sources */,
				F57ED8F51E31ADD900826D18 /* BaseLoadMoreView.m in Sources */,
				F57ED9081E31AE1700826D18 /* ViewController.m in Sources */,
				F5A252131E56DFE300B12AA0 /* BigImageViewController.m in Sources */,
				F58304BE1E5EE4560085E23B /* GaodeMapFactory.m in Sources */,
				F55039441E1DDC5D00742E5D /* NSObject+runtime.m in Sources */,
				F535AA8D1E55512A00C7BE9C /* NetworkManager.m in Sources */,
				F55039651E1E260D00742E5D /* JPNormalRefreshView.m in Sources */,
				F55039B51E1E2FF200742E5D /* MidLineLabel.m in Sources */,
				F55039461E1DDC5D00742E5D /* UIViewController+NSLogAppear.m in Sources */,
				F55039611E1E25D100742E5D /* JPRefreshControl.m in Sources */,
				F57ED9031E31AE1700826D18 /* FirstViewController.m in Sources */,
				F58304B71E5EDC8E0085E23B /* GaodeBaseMapView.m in Sources */,
				F58304BB1E5EE1900085E23B /* BaiduMapFactory.m in Sources */,
				F55039491E1DEF5B00742E5D /* UIImage+Extension.m in Sources */,
				F5D418F51E1BA45000DBB258 /* AppDelegate.m in Sources */,
				F58304B11E5ED2430085E23B /* BaiduBaseMapView.m in Sources */,
				F57ED8E41E31AD9F00826D18 /* JPLoopViewCell.m in Sources */,
				F57ED9041E31AE1700826D18 /* FourthViewController.m in Sources */,
				F57ED9051E31AE1700826D18 /* SecondViewController.m in Sources */,
				F5F9EA831E1CB9B4001765F8 /* UIColor+JP_Color.m in Sources */,
				F588F5A41E5ADE600041E8FA /* DynamicDemo.m in Sources */,
				F58304C11E5EE8A70085E23B /* IMapEngine.m in Sources */,
				F5C4EF4A1E1F72F40092CD3C /* LoadingHUD.m in Sources */,
				F5F9EA821E1CB9B4001765F8 /* UIButton+RemoveHighlightEffect.m in Sources */,
				F5F9EA851E1CB9B4001765F8 /* UIView+JP_Frame.m in Sources */,
				F5A2520C1E56D60300B12AA0 /* BigImageTest.m in Sources */,
				F58304B41E5EDBA10085E23B /* GDMapViewController.m in Sources */,
				F5D418F21E1BA45000DBB258 /* main.m in Sources */,
			);
			runOnlyForDeploymentPostprocessing = 0;
		};
/* End PBXSourcesBuildPhase section */

/* Begin PBXVariantGroup section */
		F5D418F91E1BA45100DBB258 /* Main.storyboard */ = {
			isa = PBXVariantGroup;
			children = (
				F5D418FA1E1BA45100DBB258 /* Base */,
			);
			name = Main.storyboard;
			sourceTree = "<group>";
		};
		F5D418FE1E1BA45100DBB258 /* LaunchScreen.storyboard */ = {
			isa = PBXVariantGroup;
			children = (
				F5D418FF1E1BA45100DBB258 /* Base */,
			);
			name = LaunchScreen.storyboard;
			sourceTree = "<group>";
		};
/* End PBXVariantGroup section */

/* Begin XCBuildConfiguration section */
		F5D419021E1BA45100DBB258 /* Debug */ = {
			isa = XCBuildConfiguration;
			buildSettings = {
				ALWAYS_SEARCH_USER_PATHS = NO;
				CLANG_ANALYZER_NONNULL = YES;
				CLANG_CXX_LANGUAGE_STANDARD = "gnu++0x";
				CLANG_CXX_LIBRARY = "libc++";
				CLANG_ENABLE_MODULES = YES;
				CLANG_ENABLE_OBJC_ARC = YES;
				CLANG_WARN_BOOL_CONVERSION = YES;
				CLANG_WARN_CONSTANT_CONVERSION = YES;
				CLANG_WARN_DIRECT_OBJC_ISA_USAGE = YES_ERROR;
				CLANG_WARN_DOCUMENTATION_COMMENTS = YES;
				CLANG_WARN_EMPTY_BODY = YES;
				CLANG_WARN_ENUM_CONVERSION = YES;
				CLANG_WARN_INFINITE_RECURSION = YES;
				CLANG_WARN_INT_CONVERSION = YES;
				CLANG_WARN_OBJC_ROOT_CLASS = YES_ERROR;
				CLANG_WARN_SUSPICIOUS_MOVES = YES;
				CLANG_WARN_UNREACHABLE_CODE = YES;
				CLANG_WARN__DUPLICATE_METHOD_MATCH = YES;
				"CODE_SIGN_IDENTITY[sdk=iphoneos*]" = "iPhone Developer";
				COPY_PHASE_STRIP = NO;
				DEBUG_INFORMATION_FORMAT = dwarf;
				ENABLE_STRICT_OBJC_MSGSEND = YES;
				ENABLE_TESTABILITY = YES;
				GCC_C_LANGUAGE_STANDARD = gnu99;
				GCC_DYNAMIC_NO_PIC = NO;
				GCC_NO_COMMON_BLOCKS = YES;
				GCC_OPTIMIZATION_LEVEL = 0;
				GCC_PREPROCESSOR_DEFINITIONS = (
					"DEBUG=1",
					"$(inherited)",
				);
				GCC_WARN_64_TO_32_BIT_CONVERSION = YES;
				GCC_WARN_ABOUT_RETURN_TYPE = YES_ERROR;
				GCC_WARN_UNDECLARED_SELECTOR = YES;
				GCC_WARN_UNINITIALIZED_AUTOS = YES_AGGRESSIVE;
				GCC_WARN_UNUSED_FUNCTION = YES;
				GCC_WARN_UNUSED_VARIABLE = YES;
				IPHONEOS_DEPLOYMENT_TARGET = 10.1;
				MTL_ENABLE_DEBUG_INFO = YES;
				ONLY_ACTIVE_ARCH = YES;
				SDKROOT = iphoneos;
			};
			name = Debug;
		};
		F5D419031E1BA45100DBB258 /* Release */ = {
			isa = XCBuildConfiguration;
			buildSettings = {
				ALWAYS_SEARCH_USER_PATHS = NO;
				CLANG_ANALYZER_NONNULL = YES;
				CLANG_CXX_LANGUAGE_STANDARD = "gnu++0x";
				CLANG_CXX_LIBRARY = "libc++";
				CLANG_ENABLE_MODULES = YES;
				CLANG_ENABLE_OBJC_ARC = YES;
				CLANG_WARN_BOOL_CONVERSION = YES;
				CLANG_WARN_CONSTANT_CONVERSION = YES;
				CLANG_WARN_DIRECT_OBJC_ISA_USAGE = YES_ERROR;
				CLANG_WARN_DOCUMENTATION_COMMENTS = YES;
				CLANG_WARN_EMPTY_BODY = YES;
				CLANG_WARN_ENUM_CONVERSION = YES;
				CLANG_WARN_INFINITE_RECURSION = YES;
				CLANG_WARN_INT_CONVERSION = YES;
				CLANG_WARN_OBJC_ROOT_CLASS = YES_ERROR;
				CLANG_WARN_SUSPICIOUS_MOVES = YES;
				CLANG_WARN_UNREACHABLE_CODE = YES;
				CLANG_WARN__DUPLICATE_METHOD_MATCH = YES;
				"CODE_SIGN_IDENTITY[sdk=iphoneos*]" = "iPhone Developer";
				COPY_PHASE_STRIP = NO;
				DEBUG_INFORMATION_FORMAT = "dwarf-with-dsym";
				ENABLE_NS_ASSERTIONS = NO;
				ENABLE_STRICT_OBJC_MSGSEND = YES;
				GCC_C_LANGUAGE_STANDARD = gnu99;
				GCC_NO_COMMON_BLOCKS = YES;
				GCC_WARN_64_TO_32_BIT_CONVERSION = YES;
				GCC_WARN_ABOUT_RETURN_TYPE = YES_ERROR;
				GCC_WARN_UNDECLARED_SELECTOR = YES;
				GCC_WARN_UNINITIALIZED_AUTOS = YES_AGGRESSIVE;
				GCC_WARN_UNUSED_FUNCTION = YES;
				GCC_WARN_UNUSED_VARIABLE = YES;
				IPHONEOS_DEPLOYMENT_TARGET = 10.1;
				MTL_ENABLE_DEBUG_INFO = NO;
				SDKROOT = iphoneos;
				VALIDATE_PRODUCT = YES;
			};
			name = Release;
		};
		F5D419051E1BA45100DBB258 /* Debug */ = {
			isa = XCBuildConfiguration;
			baseConfigurationReference = B81F2EAB479D139261D0C826 /* Pods-BaseViewController.debug.xcconfig */;
			buildSettings = {
				ASSETCATALOG_COMPILER_APPICON_NAME = AppIcon;
				DEVELOPMENT_TEAM = U37X4645WQ;
				FRAMEWORK_SEARCH_PATHS = (
					"$(inherited)",
					"$(PROJECT_DIR)/Pods/AMap3DMap",
					"$(PROJECT_DIR)/Pods/AMapFoundation",
				);
				GCC_PREFIX_HEADER = "$(SRCROOT)/BaseViewController/PrefixHeader.pch";
				INFOPLIST_FILE = BaseViewController/Info.plist;
				LD_RUNPATH_SEARCH_PATHS = "$(inherited) @executable_path/Frameworks";
				PRODUCT_BUNDLE_IDENTIFIER = cn.djp.BaseViewController;
				PRODUCT_NAME = "$(TARGET_NAME)";
			};
			name = Debug;
		};
		F5D419061E1BA45100DBB258 /* Release */ = {
			isa = XCBuildConfiguration;
			baseConfigurationReference = 9B10C11AEED04B4B80CD19A0 /* Pods-BaseViewController.release.xcconfig */;
			buildSettings = {
				ASSETCATALOG_COMPILER_APPICON_NAME = AppIcon;
				DEVELOPMENT_TEAM = U37X4645WQ;
				FRAMEWORK_SEARCH_PATHS = (
					"$(inherited)",
					"$(PROJECT_DIR)/Pods/AMap3DMap",
					"$(PROJECT_DIR)/Pods/AMapFoundation",
				);
				GCC_PREFIX_HEADER = "$(SRCROOT)/BaseViewController/PrefixHeader.pch";
				INFOPLIST_FILE = BaseViewController/Info.plist;
				LD_RUNPATH_SEARCH_PATHS = "$(inherited) @executable_path/Frameworks";
				PRODUCT_BUNDLE_IDENTIFIER = cn.djp.BaseViewController;
				PRODUCT_NAME = "$(TARGET_NAME)";
			};
			name = Release;
		};
/* End XCBuildConfiguration section */

/* Begin XCConfigurationList section */
		F5D418E81E1BA45000DBB258 /* Build configuration list for PBXProject "BaseViewController" */ = {
			isa = XCConfigurationList;
			buildConfigurations = (
				F5D419021E1BA45100DBB258 /* Debug */,
				F5D419031E1BA45100DBB258 /* Release */,
			);
			defaultConfigurationIsVisible = 0;
			defaultConfigurationName = Release;
		};
		F5D419041E1BA45100DBB258 /* Build configuration list for PBXNativeTarget "BaseViewController" */ = {
			isa = XCConfigurationList;
			buildConfigurations = (
				F5D419051E1BA45100DBB258 /* Debug */,
				F5D419061E1BA45100DBB258 /* Release */,
			);
			defaultConfigurationIsVisible = 0;
			defaultConfigurationName = Release;
		};
/* End XCConfigurationList section */
	};
	rootObject = F5D418E51E1BA45000DBB258 /* Project object */;
}
